// !$*UTF8*$!
{
	archiveVersion = 1;
	classes = {
	};
	objectVersion = 56;
	objects = {

/* Begin PBXBuildFile section */
		81E6B8CB2CAFDC3A00AD66ED /* SwiftThinkingBootcampApp.swift in Sources */ = {isa = PBXBuildFile; fileRef = 81E6B8CA2CAFDC3A00AD66ED /* SwiftThinkingBootcampApp.swift */; };
		81E6B8CD2CAFDC3A00AD66ED /* ContentView.swift in Sources */ = {isa = PBXBuildFile; fileRef = 81E6B8CC2CAFDC3A00AD66ED /* ContentView.swift */; };
		81E6B8CF2CAFDC3B00AD66ED /* Assets.xcassets in Resources */ = {isa = PBXBuildFile; fileRef = 81E6B8CE2CAFDC3B00AD66ED /* Assets.xcassets */; };
		81E6B8D22CAFDC3B00AD66ED /* Preview Assets.xcassets in Resources */ = {isa = PBXBuildFile; fileRef = 81E6B8D12CAFDC3B00AD66ED /* Preview Assets.xcassets */; };
		81E6B8DC2CAFDC3B00AD66ED /* SwiftThinkingBootcampTests.swift in Sources */ = {isa = PBXBuildFile; fileRef = 81E6B8DB2CAFDC3B00AD66ED /* SwiftThinkingBootcampTests.swift */; };
		81E6B8E62CAFDC3B00AD66ED /* SwiftThinkingBootcampUITests.swift in Sources */ = {isa = PBXBuildFile; fileRef = 81E6B8E52CAFDC3B00AD66ED /* SwiftThinkingBootcampUITests.swift */; };
		81E6B8E82CAFDC3B00AD66ED /* SwiftThinkingBootcampUITestsLaunchTests.swift in Sources */ = {isa = PBXBuildFile; fileRef = 81E6B8E72CAFDC3B00AD66ED /* SwiftThinkingBootcampUITestsLaunchTests.swift */; };
/* End PBXBuildFile section */

/* Begin PBXContainerItemProxy section */
		81E6B8D82CAFDC3B00AD66ED /* PBXContainerItemProxy */ = {
			isa = PBXContainerItemProxy;
			containerPortal = 81E6B8BF2CAFDC3A00AD66ED /* Project object */;
			proxyType = 1;
			remoteGlobalIDString = 81E6B8C62CAFDC3A00AD66ED;
			remoteInfo = SwiftThinkingBootcamp;
		};
		81E6B8E22CAFDC3B00AD66ED /* PBXContainerItemProxy */ = {
			isa = PBXContainerItemProxy;
			containerPortal = 81E6B8BF2CAFDC3A00AD66ED /* Project object */;
			proxyType = 1;
			remoteGlobalIDString = 81E6B8C62CAFDC3A00AD66ED;
			remoteInfo = SwiftThinkingBootcamp;
		};
/* End PBXContainerItemProxy section */

/* Begin PBXFileReference section */
		81E6B8C72CAFDC3A00AD66ED /* SwiftThinkingBootcamp.app */ = {isa = PBXFileReference; explicitFileType = wrapper.application; includeInIndex = 0; path = SwiftThinkingBootcamp.app; sourceTree = BUILT_PRODUCTS_DIR; };
		81E6B8CA2CAFDC3A00AD66ED /* SwiftThinkingBootcampApp.swift */ = {isa = PBXFileReference; lastKnownFileType = sourcecode.swift; path = SwiftThinkingBootcampApp.swift; sourceTree = "<group>"; };
		81E6B8CC2CAFDC3A00AD66ED /* ContentView.swift */ = {isa = PBXFileReference; lastKnownFileType = sourcecode.swift; path = ContentView.swift; sourceTree = "<group>"; };
		81E6B8CE2CAFDC3B00AD66ED /* Assets.xcassets */ = {isa = PBXFileReference; lastKnownFileType = folder.assetcatalog; path = Assets.xcassets; sourceTree = "<group>"; };
		81E6B8D12CAFDC3B00AD66ED /* Preview Assets.xcassets */ = {isa = PBXFileReference; lastKnownFileType = folder.assetcatalog; path = "Preview Assets.xcassets"; sourceTree = "<group>"; };
		81E6B8D72CAFDC3B00AD66ED /* SwiftThinkingBootcampTests.xctest */ = {isa = PBXFileReference; explicitFileType = wrapper.cfbundle; includeInIndex = 0; path = SwiftThinkingBootcampTests.xctest; sourceTree = BUILT_PRODUCTS_DIR; };
		81E6B8DB2CAFDC3B00AD66ED /* SwiftThinkingBootcampTests.swift */ = {isa = PBXFileReference; lastKnownFileType = sourcecode.swift; path = SwiftThinkingBootcampTests.swift; sourceTree = "<group>"; };
		81E6B8E12CAFDC3B00AD66ED /* SwiftThinkingBootcampUITests.xctest */ = {isa = PBXFileReference; explicitFileType = wrapper.cfbundle; includeInIndex = 0; path = SwiftThinkingBootcampUITests.xctest; sourceTree = BUILT_PRODUCTS_DIR; };
		81E6B8E52CAFDC3B00AD66ED /* SwiftThinkingBootcampUITests.swift */ = {isa = PBXFileReference; lastKnownFileType = sourcecode.swift; path = SwiftThinkingBootcampUITests.swift; sourceTree = "<group>"; };
		81E6B8E72CAFDC3B00AD66ED /* SwiftThinkingBootcampUITestsLaunchTests.swift */ = {isa = PBXFileReference; lastKnownFileType = sourcecode.swift; path = SwiftThinkingBootcampUITestsLaunchTests.swift; sourceTree = "<group>"; };
/* End PBXFileReference section */

/* Begin PBXFrameworksBuildPhase section */
		81E6B8C42CAFDC3A00AD66ED /* Frameworks */ = {
			isa = PBXFrameworksBuildPhase;
			buildActionMask = 2147483647;
			files = (
			);
			runOnlyForDeploymentPostprocessing = 0;
		};
		81E6B8D42CAFDC3B00AD66ED /* Frameworks */ = {
			isa = PBXFrameworksBuildPhase;
			buildActionMask = 2147483647;
			files = (
			);
			runOnlyForDeploymentPostprocessing = 0;
		};
		81E6B8DE2CAFDC3B00AD66ED /* Frameworks */ = {
			isa = PBXFrameworksBuildPhase;
			buildActionMask = 2147483647;
			files = (
			);
			runOnlyForDeploymentPostprocessing = 0;
		};
/* End PBXFrameworksBuildPhase section */

/* Begin PBXGroup section */
		81E6B8BE2CAFDC3A00AD66ED = {
			isa = PBXGroup;
			children = (
				81E6B8C92CAFDC3A00AD66ED /* SwiftThinkingBootcamp */,
				81E6B8DA2CAFDC3B00AD66ED /* SwiftThinkingBootcampTests */,
				81E6B8E42CAFDC3B00AD66ED /* SwiftThinkingBootcampUITests */,
				81E6B8C82CAFDC3A00AD66ED /* Products */,
			);
			sourceTree = "<group>";
		};
		81E6B8C82CAFDC3A00AD66ED /* Products */ = {
			isa = PBXGroup;
			children = (
				81E6B8C72CAFDC3A00AD66ED /* SwiftThinkingBootcamp.app */,
				81E6B8D72CAFDC3B00AD66ED /* SwiftThinkingBootcampTests.xctest */,
				81E6B8E12CAFDC3B00AD66ED /* SwiftThinkingBootcampUITests.xctest */,
			);
			name = Products;
			sourceTree = "<group>";
		};
		81E6B8C92CAFDC3A00AD66ED /* SwiftThinkingBootcamp */ = {
			isa = PBXGroup;
			children = (
				81E6B8CA2CAFDC3A00AD66ED /* SwiftThinkingBootcampApp.swift */,
				81E6B8CC2CAFDC3A00AD66ED /* ContentView.swift */,
				81E6B8CE2CAFDC3B00AD66ED /* Assets.xcassets */,
				81E6B8D02CAFDC3B00AD66ED /* Preview Content */,
			);
			path = SwiftThinkingBootcamp;
			sourceTree = "<group>";
		};
		81E6B8D02CAFDC3B00AD66ED /* Preview Content */ = {
			isa = PBXGroup;
			children = (
				81E6B8D12CAFDC3B00AD66ED /* Preview Assets.xcassets */,
			);
			path = "Preview Content";
			sourceTree = "<group>";
		};
		81E6B8DA2CAFDC3B00AD66ED /* SwiftThinkingBootcampTests */ = {
			isa = PBXGroup;
			children = (
				81E6B8DB2CAFDC3B00AD66ED /* SwiftThinkingBootcampTests.swift */,
			);
			path = SwiftThinkingBootcampTests;
			sourceTree = "<group>";
		};
		81E6B8E42CAFDC3B00AD66ED /* SwiftThinkingBootcampUITests */ = {
			isa = PBXGroup;
			children = (
				81E6B8E52CAFDC3B00AD66ED /* SwiftThinkingBootcampUITests.swift */,
				81E6B8E72CAFDC3B00AD66ED /* SwiftThinkingBootcampUITestsLaunchTests.swift */,
			);
			path = SwiftThinkingBootcampUITests;
			sourceTree = "<group>";
		};
/* End PBXGroup section */

/* Begin PBXNativeTarget section */
		81E6B8C62CAFDC3A00AD66ED /* SwiftThinkingBootcamp */ = {
			isa = PBXNativeTarget;
			buildConfigurationList = 81E6B8EB2CAFDC3B00AD66ED /* Build configuration list for PBXNativeTarget "SwiftThinkingBootcamp" */;
			buildPhases = (
				81E6B8C32CAFDC3A00AD66ED /* Sources */,
				81E6B8C42CAFDC3A00AD66ED /* Frameworks */,
				81E6B8C52CAFDC3A00AD66ED /* Resources */,
			);
			buildRules = (
			);
			dependencies = (
			);
			name = SwiftThinkingBootcamp;
			productName = SwiftThinkingBootcamp;
			productReference = 81E6B8C72CAFDC3A00AD66ED /* SwiftThinkingBootcamp.app */;
			productType = "com.apple.product-type.application";
		};
		81E6B8D62CAFDC3B00AD66ED /* SwiftThinkingBootcampTests */ = {
			isa = PBXNativeTarget;
			buildConfigurationList = 81E6B8EE2CAFDC3B00AD66ED /* Build configuration list for PBXNativeTarget "SwiftThinkingBootcampTests" */;
			buildPhases = (
				81E6B8D32CAFDC3B00AD66ED /* Sources */,
				81E6B8D42CAFDC3B00AD66ED /* Frameworks */,
				81E6B8D52CAFDC3B00AD66ED /* Resources */,
			);
			buildRules = (
			);
			dependencies = (
				81E6B8D92CAFDC3B00AD66ED /* PBXTargetDependency */,
			);
			name = SwiftThinkingBootcampTests;
			productName = SwiftThinkingBootcampTests;
			productReference = 81E6B8D72CAFDC3B00AD66ED /* SwiftThinkingBootcampTests.xctest */;
			productType = "com.apple.product-type.bundle.unit-test";
		};
		81E6B8E02CAFDC3B00AD66ED /* SwiftThinkingBootcampUITests */ = {
			isa = PBXNativeTarget;
			buildConfigurationList = 81E6B8F12CAFDC3B00AD66ED /* Build configuration list for PBXNativeTarget "SwiftThinkingBootcampUITests" */;
			buildPhases = (
				81E6B8DD2CAFDC3B00AD66ED /* Sources */,
				81E6B8DE2CAFDC3B00AD66ED /* Frameworks */,
				81E6B8DF2CAFDC3B00AD66ED /* Resources */,
			);
			buildRules = (
			);
			dependencies = (
				81E6B8E32CAFDC3B00AD66ED /* PBXTargetDependency */,
			);
			name = SwiftThinkingBootcampUITests;
			productName = SwiftThinkingBootcampUITests;
			productReference = 81E6B8E12CAFDC3B00AD66ED /* SwiftThinkingBootcampUITests.xctest */;
			productType = "com.apple.product-type.bundle.ui-testing";
		};
/* End PBXNativeTarget section */

/* Begin PBXProject section */
		81E6B8BF2CAFDC3A00AD66ED /* Project object */ = {
			isa = PBXProject;
			attributes = {
				BuildIndependentTargetsInParallel = 1;
				LastSwiftUpdateCheck = 1430;
				LastUpgradeCheck = 1430;
				TargetAttributes = {
					81E6B8C62CAFDC3A00AD66ED = {
						CreatedOnToolsVersion = 14.3.1;
					};
					81E6B8D62CAFDC3B00AD66ED = {
						CreatedOnToolsVersion = 14.3.1;
						TestTargetID = 81E6B8C62CAFDC3A00AD66ED;
					};
					81E6B8E02CAFDC3B00AD66ED = {
						CreatedOnToolsVersion = 14.3.1;
						TestTargetID = 81E6B8C62CAFDC3A00AD66ED;
					};
				};
			};
			buildConfigurationList = 81E6B8C22CAFDC3A00AD66ED /* Build configuration list for PBXProject "SwiftThinkingBootcamp" */;
			compatibilityVersion = "Xcode 14.0";
			developmentRegion = en;
			hasScannedForEncodings = 0;
			knownRegions = (
				en,
				Base,
			);
			mainGroup = 81E6B8BE2CAFDC3A00AD66ED;
			productRefGroup = 81E6B8C82CAFDC3A00AD66ED /* Products */;
			projectDirPath = "";
			projectRoot = "";
			targets = (
				81E6B8C62CAFDC3A00AD66ED /* SwiftThinkingBootcamp */,
				81E6B8D62CAFDC3B00AD66ED /* SwiftThinkingBootcampTests */,
				81E6B8E02CAFDC3B00AD66ED /* SwiftThinkingBootcampUITests */,
			);
		};
/* End PBXProject section */

/* Begin PBXResourcesBuildPhase section */
		81E6B8C52CAFDC3A00AD66ED /* Resources */ = {
			isa = PBXResourcesBuildPhase;
			buildActionMask = 2147483647;
			files = (
				81E6B8D22CAFDC3B00AD66ED /* Preview Assets.xcassets in Resources */,
				81E6B8CF2CAFDC3B00AD66ED /* Assets.xcassets in Resources */,
			);
			runOnlyForDeploymentPostprocessing = 0;
		};
		81E6B8D52CAFDC3B00AD66ED /* Resources */ = {
			isa = PBXResourcesBuildPhase;
			buildActionMask = 2147483647;
			files = (
			);
			runOnlyForDeploymentPostprocessing = 0;
		};
		81E6B8DF2CAFDC3B00AD66ED /* Resources */ = {
			isa = PBXResourcesBuildPhase;
			buildActionMask = 2147483647;
			files = (
			);
			runOnlyForDeploymentPostprocessing = 0;
		};
/* End PBXResourcesBuildPhase section */

/* Begin PBXSourcesBuildPhase section */
		81E6B8C32CAFDC3A00AD66ED /* Sources */ = {
			isa = PBXSourcesBuildPhase;
			buildActionMask = 2147483647;
			files = (
				81E6B8CD2CAFDC3A00AD66ED /* ContentView.swift in Sources */,
				81E6B8CB2CAFDC3A00AD66ED /* SwiftThinkingBootcampApp.swift in Sources */,
			);
			runOnlyForDeploymentPostprocessing = 0;
		};
		81E6B8D32CAFDC3B00AD66ED /* Sources */ = {
			isa = PBXSourcesBuildPhase;
			buildActionMask = 2147483647;
			files = (
				81E6B8DC2CAFDC3B00AD66ED /* SwiftThinkingBootcampTests.swift in Sources */,
			);
			runOnlyForDeploymentPostprocessing = 0;
		};
		81E6B8DD2CAFDC3B00AD66ED /* Sources */ = {
			isa = PBXSourcesBuildPhase;
			buildActionMask = 2147483647;
			files = (
				81E6B8E62CAFDC3B00AD66ED /* SwiftThinkingBootcampUITests.swift in Sources */,
				81E6B8E82CAFDC3B00AD66ED /* SwiftThinkingBootcampUITestsLaunchTests.swift in Sources */,
			);
			runOnlyForDeploymentPostprocessing = 0;
		};
/* End PBXSourcesBuildPhase section */

/* Begin PBXTargetDependency section */
		81E6B8D92CAFDC3B00AD66ED /* PBXTargetDependency */ = {
			isa = PBXTargetDependency;
			target = 81E6B8C62CAFDC3A00AD66ED /* SwiftThinkingBootcamp */;
			targetProxy = 81E6B8D82CAFDC3B00AD66ED /* PBXContainerItemProxy */;
		};
		81E6B8E32CAFDC3B00AD66ED /* PBXTargetDependency */ = {
			isa = PBXTargetDependency;
			target = 81E6B8C62CAFDC3A00AD66ED /* SwiftThinkingBootcamp */;
			targetProxy = 81E6B8E22CAFDC3B00AD66ED /* PBXContainerItemProxy */;
		};
/* End PBXTargetDependency section */

/* Begin XCBuildConfiguration section */
		81E6B8E92CAFDC3B00AD66ED /* Debug */ = {
			isa = XCBuildConfiguration;
			buildSettings = {
				ALWAYS_SEARCH_USER_PATHS = NO;
				CLANG_ANALYZER_NONNULL = YES;
				CLANG_ANALYZER_NUMBER_OBJECT_CONVERSION = YES_AGGRESSIVE;
				CLANG_CXX_LANGUAGE_STANDARD = "gnu++20";
				CLANG_ENABLE_MODULES = YES;
				CLANG_ENABLE_OBJC_ARC = YES;
				CLANG_ENABLE_OBJC_WEAK = YES;
				CLANG_WARN_BLOCK_CAPTURE_AUTORELEASING = YES;
				CLANG_WARN_BOOL_CONVERSION = YES;
				CLANG_WARN_COMMA = YES;
				CLANG_WARN_CONSTANT_CONVERSION = YES;
				CLANG_WARN_DEPRECATED_OBJC_IMPLEMENTATIONS = YES;
				CLANG_WARN_DIRECT_OBJC_ISA_USAGE = YES_ERROR;
				CLANG_WARN_DOCUMENTATION_COMMENTS = YES;
				CLANG_WARN_EMPTY_BODY = YES;
				CLANG_WARN_ENUM_CONVERSION = YES;
				CLANG_WARN_INFINITE_RECURSION = YES;
				CLANG_WARN_INT_CONVERSION = YES;
				CLANG_WARN_NON_LITERAL_NULL_CONVERSION = YES;
				CLANG_WARN_OBJC_IMPLICIT_RETAIN_SELF = YES;
				CLANG_WARN_OBJC_LITERAL_CONVERSION = YES;
				CLANG_WARN_OBJC_ROOT_CLASS = YES_ERROR;
				CLANG_WARN_QUOTED_INCLUDE_IN_FRAMEWORK_HEADER = YES;
				CLANG_WARN_RANGE_LOOP_ANALYSIS = YES;
				CLANG_WARN_STRICT_PROTOTYPES = YES;
				CLANG_WARN_SUSPICIOUS_MOVE = YES;
				CLANG_WARN_UNGUARDED_AVAILABILITY = YES_AGGRESSIVE;
				CLANG_WARN_UNREACHABLE_CODE = YES;
				CLANG_WARN__DUPLICATE_METHOD_MATCH = YES;
				COPY_PHASE_STRIP = NO;
				DEBUG_INFORMATION_FORMAT = dwarf;
				ENABLE_STRICT_OBJC_MSGSEND = YES;
				ENABLE_TESTABILITY = YES;
				GCC_C_LANGUAGE_STANDARD = gnu11;
				GCC_DYNAMIC_NO_PIC = NO;
				GCC_NO_COMMON_BLOCKS = YES;
				GCC_OPTIMIZATION_LEVEL = 0;
				GCC_PREPROCESSOR_DEFINITIONS = (
					"DEBUG=1",
					"$(inherited)",
				);
				GCC_WARN_64_TO_32_BIT_CONVERSION = YES;
				GCC_WARN_ABOUT_RETURN_TYPE = YES_ERROR;
				GCC_WARN_UNDECLARED_SELECTOR = YES;
				GCC_WARN_UNINITIALIZED_AUTOS = YES_AGGRESSIVE;
				GCC_WARN_UNUSED_FUNCTION = YES;
				GCC_WARN_UNUSED_VARIABLE = YES;
				IPHONEOS_DEPLOYMENT_TARGET = 16.4;
				MTL_ENABLE_DEBUG_INFO = INCLUDE_SOURCE;
				MTL_FAST_MATH = YES;
				ONLY_ACTIVE_ARCH = YES;
				SDKROOT = iphoneos;
				SWIFT_ACTIVE_COMPILATION_CONDITIONS = DEBUG;
				SWIFT_OPTIMIZATION_LEVEL = "-Onone";
			};
			name = Debug;
		};
		81E6B8EA2CAFDC3B00AD66ED /* Release */ = {
			isa = XCBuildConfiguration;
			buildSettings = {
				ALWAYS_SEARCH_USER_PATHS = NO;
				CLANG_ANALYZER_NONNULL = YES;
				CLANG_ANALYZER_NUMBER_OBJECT_CONVERSION = YES_AGGRESSIVE;
				CLANG_CXX_LANGUAGE_STANDARD = "gnu++20";
				CLANG_ENABLE_MODULES = YES;
				CLANG_ENABLE_OBJC_ARC = YES;
				CLANG_ENABLE_OBJC_WEAK = YES;
				CLANG_WARN_BLOCK_CAPTURE_AUTORELEASING = YES;
				CLANG_WARN_BOOL_CONVERSION = YES;
				CLANG_WARN_COMMA = YES;
				CLANG_WARN_CONSTANT_CONVERSION = YES;
				CLANG_WARN_DEPRECATED_OBJC_IMPLEMENTATIONS = YES;
				CLANG_WARN_DIRECT_OBJC_ISA_USAGE = YES_ERROR;
				CLANG_WARN_DOCUMENTATION_COMMENTS = YES;
				CLANG_WARN_EMPTY_BODY = YES;
				CLANG_WARN_ENUM_CONVERSION = YES;
				CLANG_WARN_INFINITE_RECURSION = YES;
				CLANG_WARN_INT_CONVERSION = YES;
				CLANG_WARN_NON_LITERAL_NULL_CONVERSION = YES;
				CLANG_WARN_OBJC_IMPLICIT_RETAIN_SELF = YES;
				CLANG_WARN_OBJC_LITERAL_CONVERSION = YES;
				CLANG_WARN_OBJC_ROOT_CLASS = YES_ERROR;
				CLANG_WARN_QUOTED_INCLUDE_IN_FRAMEWORK_HEADER = YES;
				CLANG_WARN_RANGE_LOOP_ANALYSIS = YES;
				CLANG_WARN_STRICT_PROTOTYPES = YES;
				CLANG_WARN_SUSPICIOUS_MOVE = YES;
				CLANG_WARN_UNGUARDED_AVAILABILITY = YES_AGGRESSIVE;
				CLANG_WARN_UNREACHABLE_CODE = YES;
				CLANG_WARN__DUPLICATE_METHOD_MATCH = YES;
				COPY_PHASE_STRIP = NO;
				DEBUG_INFORMATION_FORMAT = "dwarf-with-dsym";
				ENABLE_NS_ASSERTIONS = NO;
				ENABLE_STRICT_OBJC_MSGSEND = YES;
				GCC_C_LANGUAGE_STANDARD = gnu11;
				GCC_NO_COMMON_BLOCKS = YES;
				GCC_WARN_64_TO_32_BIT_CONVERSION = YES;
				GCC_WARN_ABOUT_RETURN_TYPE = YES_ERROR;
				GCC_WARN_UNDECLARED_SELECTOR = YES;
				GCC_WARN_UNINITIALIZED_AUTOS = YES_AGGRESSIVE;
				GCC_WARN_UNUSED_FUNCTION = YES;
				GCC_WARN_UNUSED_VARIABLE = YES;
				IPHONEOS_DEPLOYMENT_TARGET = 16.4;
				MTL_ENABLE_DEBUG_INFO = NO;
				MTL_FAST_MATH = YES;
				SDKROOT = iphoneos;
				SWIFT_COMPILATION_MODE = wholemodule;
				SWIFT_OPTIMIZATION_LEVEL = "-O";
				VALIDATE_PRODUCT = YES;
			};
			name = Release;
		};
		81E6B8EC2CAFDC3B00AD66ED /* Debug */ = {
			isa = XCBuildConfiguration;
			buildSettings = {
				ASSETCATALOG_COMPILER_APPICON_NAME = AppIcon;
				ASSETCATALOG_COMPILER_GLOBAL_ACCENT_COLOR_NAME = AccentColor;
				CODE_SIGN_STYLE = Automatic;
				CURRENT_PROJECT_VERSION = 1;
				DEVELOPMENT_ASSET_PATHS = "\"SwiftThinkingBootcamp/Preview Content\"";
				ENABLE_PREVIEWS = YES;
				GENERATE_INFOPLIST_FILE = YES;
				INFOPLIST_KEY_UIApplicationSceneManifest_Generation = YES;
				INFOPLIST_KEY_UIApplicationSupportsIndirectInputEvents = YES;
				INFOPLIST_KEY_UILaunchScreen_Generation = YES;
				INFOPLIST_KEY_UISupportedInterfaceOrientations_iPad = "UIInterfaceOrientationPortrait UIInterfaceOrientationPortraitUpsideDown UIInterfaceOrientationLandscapeLeft UIInterfaceOrientationLandscapeRight";
				INFOPLIST_KEY_UISupportedInterfaceOrientations_iPhone = "UIInterfaceOrientationPortrait UIInterfaceOrientationLandscapeLeft UIInterfaceOrientationLandscapeRight";
				LD_RUNPATH_SEARCH_PATHS = (
					"$(inherited)",
					"@executable_path/Frameworks",
				);
				MARKETING_VERSION = 1.0;
				PRODUCT_BUNDLE_IDENTIFIER = "OAE-Solutions.SwiftThinkingBootcamp";
				PRODUCT_NAME = "$(TARGET_NAME)";
				SWIFT_EMIT_LOC_STRINGS = YES;
				SWIFT_VERSION = 5.0;
				TARGETED_DEVICE_FAMILY = "1,2";
			};
			name = Debug;
		};
		81E6B8ED2CAFDC3B00AD66ED /* Release */ = {
			isa = XCBuildConfiguration;
			buildSettings = {
				ASSETCATALOG_COMPILER_APPICON_NAME = AppIcon;
				ASSETCATALOG_COMPILER_GLOBAL_ACCENT_COLOR_NAME = AccentColor;
				CODE_SIGN_STYLE = Automatic;
				CURRENT_PROJECT_VERSION = 1;
				DEVELOPMENT_ASSET_PATHS = "\"SwiftThinkingBootcamp/Preview Content\"";
				ENABLE_PREVIEWS = YES;
				GENERATE_INFOPLIST_FILE = YES;
				INFOPLIST_KEY_UIApplicationSceneManifest_Generation = YES;
				INFOPLIST_KEY_UIApplicationSupportsIndirectInputEvents = YES;
				INFOPLIST_KEY_UILaunchScreen_Generation = YES;
				INFOPLIST_KEY_UISupportedInterfaceOrientations_iPad = "UIInterfaceOrientationPortrait UIInterfaceOrientationPortraitUpsideDown UIInterfaceOrientationLandscapeLeft UIInterfaceOrientationLandscapeRight";
				INFOPLIST_KEY_UISupportedInterfaceOrientations_iPhone = "UIInterfaceOrientationPortrait UIInterfaceOrientationLandscapeLeft UIInterfaceOrientationLandscapeRight";
				LD_RUNPATH_SEARCH_PATHS = (
					"$(inherited)",
					"@executable_path/Frameworks",
				);
				MARKETING_VERSION = 1.0;
				PRODUCT_BUNDLE_IDENTIFIER = "OAE-Solutions.SwiftThinkingBootcamp";
				PRODUCT_NAME = "$(TARGET_NAME)";
				SWIFT_EMIT_LOC_STRINGS = YES;
				SWIFT_VERSION = 5.0;
				TARGETED_DEVICE_FAMILY = "1,2";
			};
			name = Release;
		};
		81E6B8EF2CAFDC3B00AD66ED /* Debug */ = {
			isa = XCBuildConfiguration;
			buildSettings = {
				ALWAYS_EMBED_SWIFT_STANDARD_LIBRARIES = YES;
				BUNDLE_LOADER = "$(TEST_HOST)";
				CODE_SIGN_STYLE = Automatic;
				CURRENT_PROJECT_VERSION = 1;
				GENERATE_INFOPLIST_FILE = YES;
				IPHONEOS_DEPLOYMENT_TARGET = 16.4;
				MARKETING_VERSION = 1.0;
				PRODUCT_BUNDLE_IDENTIFIER = "OAE-Solutions.SwiftThinkingBootcampTests";
				PRODUCT_NAME = "$(TARGET_NAME)";
				SWIFT_EMIT_LOC_STRINGS = NO;
				SWIFT_VERSION = 5.0;
				TARGETED_DEVICE_FAMILY = "1,2";
				TEST_HOST = "$(BUILT_PRODUCTS_DIR)/SwiftThinkingBootcamp.app/$(BUNDLE_EXECUTABLE_FOLDER_PATH)/SwiftThinkingBootcamp";
			};
			name = Debug;
		};
		81E6B8F02CAFDC3B00AD66ED /* Release */ = {
			isa = XCBuildConfiguration;
			buildSettings = {
				ALWAYS_EMBED_SWIFT_STANDARD_LIBRARIES = YES;
				BUNDLE_LOADER = "$(TEST_HOST)";
				CODE_SIGN_STYLE = Automatic;
				CURRENT_PROJECT_VERSION = 1;
				GENERATE_INFOPLIST_FILE = YES;
				IPHONEOS_DEPLOYMENT_TARGET = 16.4;
				MARKETING_VERSION = 1.0;
				PRODUCT_BUNDLE_IDENTIFIER = "OAE-Solutions.SwiftThinkingBootcampTests";
				PRODUCT_NAME = "$(TARGET_NAME)";
				SWIFT_EMIT_LOC_STRINGS = NO;
				SWIFT_VERSION = 5.0;
				TARGETED_DEVICE_FAMILY = "1,2";
				TEST_HOST = "$(BUILT_PRODUCTS_DIR)/SwiftThinkingBootcamp.app/$(BUNDLE_EXECUTABLE_FOLDER_PATH)/SwiftThinkingBootcamp";
			};
			name = Release;
		};
		81E6B8F22CAFDC3B00AD66ED /* Debug */ = {
			isa = XCBuildConfiguration;
			buildSettings = {
				ALWAYS_EMBED_SWIFT_STANDARD_LIBRARIES = YES;
				CODE_SIGN_STYLE = Automatic;
				CURRENT_PROJECT_VERSION = 1;
				GENERATE_INFOPLIST_FILE = YES;
				MARKETING_VERSION = 1.0;
				PRODUCT_BUNDLE_IDENTIFIER = "OAE-Solutions.SwiftThinkingBootcampUITests";
				PRODUCT_NAME = "$(TARGET_NAME)";
				SWIFT_EMIT_LOC_STRINGS = NO;
				SWIFT_VERSION = 5.0;
				TARGETED_DEVICE_FAMILY = "1,2";
				TEST_TARGET_NAME = SwiftThinkingBootcamp;
			};
			name = Debug;
		};
		81E6B8F32CAFDC3B00AD66ED /* Release */ = {
			isa = XCBuildConfiguration;
			buildSettings = {
				ALWAYS_EMBED_SWIFT_STANDARD_LIBRARIES = YES;
				CODE_SIGN_STYLE = Automatic;
				CURRENT_PROJECT_VERSION = 1;
				GENERATE_INFOPLIST_FILE = YES;
				MARKETING_VERSION = 1.0;
				PRODUCT_BUNDLE_IDENTIFIER = "OAE-Solutions.SwiftThinkingBootcampUITests";
				PRODUCT_NAME = "$(TARGET_NAME)";
				SWIFT_EMIT_LOC_STRINGS = NO;
				SWIFT_VERSION = 5.0;
				TARGETED_DEVICE_FAMILY = "1,2";
				TEST_TARGET_NAME = SwiftThinkingBootcamp;
			};
			name = Release;
		};
/* End XCBuildConfiguration section */

/* Begin XCConfigurationList section */
		81E6B8C22CAFDC3A00AD66ED /* Build configuration list for PBXProject "SwiftThinkingBootcamp" */ = {
			isa = XCConfigurationList;
			buildConfigurations = (
				81E6B8E92CAFDC3B00AD66ED /* Debug */,
				81E6B8EA2CAFDC3B00AD66ED /* Release */,
			);
			defaultConfigurationIsVisible = 0;
			defaultConfigurationName = Release;
		};
		81E6B8EB2CAFDC3B00AD66ED /* Build configuration list for PBXNativeTarget "SwiftThinkingBootcamp" */ = {
			isa = XCConfigurationList;
			buildConfigurations = (
				81E6B8EC2CAFDC3B00AD66ED /* Debug */,
				81E6B8ED2CAFDC3B00AD66ED /* Release */,
			);
			defaultConfigurationIsVisible = 0;
			defaultConfigurationName = Release;
		};
		81E6B8EE2CAFDC3B00AD66ED /* Build configuration list for PBXNativeTarget "SwiftThinkingBootcampTests" */ = {
			isa = XCConfigurationList;
			buildConfigurations = (
				81E6B8EF2CAFDC3B00AD66ED /* Debug */,
				81E6B8F02CAFDC3B00AD66ED /* Release */,
			);
			defaultConfigurationIsVisible = 0;
			defaultConfigurationName = Release;
		};
		81E6B8F12CAFDC3B00AD66ED /* Build configuration list for PBXNativeTarget "SwiftThinkingBootcampUITests" */ = {
			isa = XCConfigurationList;
			buildConfigurations = (
				81E6B8F22CAFDC3B00AD66ED /* Debug */,
				81E6B8F32CAFDC3B00AD66ED /* Release */,
			);
			defaultConfigurationIsVisible = 0;
			defaultConfigurationName = Release;
		};
/* End XCConfigurationList section */
	};
	rootObject = 81E6B8BF2CAFDC3A00AD66ED /* Project object */;
}
