// !$*UTF8*$!
{
	archiveVersion = 1;
	classes = {
	};
	objectVersion = 56;
	objects = {

/* Begin PBXBuildFile section */
		8108AC9A2CEF02D300CAFC25 /* ThreeButtonsView.swift in Sources */ = {isa = PBXBuildFile; fileRef = 8108AC992CEF02D300CAFC25 /* ThreeButtonsView.swift */; };
		8108AC9C2CEF040D00CAFC25 /* SelectedArtistViewModel.swift in Sources */ = {isa = PBXBuildFile; fileRef = 8108AC9B2CEF040D00CAFC25 /* SelectedArtistViewModel.swift */; };
		8108AC9E2CEF0BC800CAFC25 /* NameCell.swift in Sources */ = {isa = PBXBuildFile; fileRef = 8108AC9D2CEF0BC800CAFC25 /* NameCell.swift */; };
		8108ACA52CEF216D00CAFC25 /* CreateListenMusicView.swift in Sources */ = {isa = PBXBuildFile; fileRef = 8108ACA42CEF216D00CAFC25 /* CreateListenMusicView.swift */; };
		8108ACA82CEF21C800CAFC25 /* IconTitleView.swift in Sources */ = {isa = PBXBuildFile; fileRef = 8108ACA72CEF21C800CAFC25 /* IconTitleView.swift */; };
		8108ACAA2CEF2BB900CAFC25 /* TextFieldView.swift in Sources */ = {isa = PBXBuildFile; fileRef = 8108ACA92CEF2BB900CAFC25 /* TextFieldView.swift */; };
		8108ACAC2CEF50EC00CAFC25 /* EmojiCell.swift in Sources */ = {isa = PBXBuildFile; fileRef = 8108ACAB2CEF50EC00CAFC25 /* EmojiCell.swift */; };
		810CC0D92CF053A5003E964C /* FerrryCell.swift in Sources */ = {isa = PBXBuildFile; fileRef = 810CC0D82CF053A5003E964C /* FerrryCell.swift */; };
		810CC0E02CF05FB0003E964C /* Assets.xcassets in Resources */ = {isa = PBXBuildFile; fileRef = 810CC0DF2CF05FAC003E964C /* Assets.xcassets */; };
		810CC0E22CF08880003E964C /* PAIButton.swift in Sources */ = {isa = PBXBuildFile; fileRef = 810CC0E12CF08880003E964C /* PAIButton.swift */; };
		810CC0E42CF09475003E964C /* CreateListenMusicViewModel.swift in Sources */ = {isa = PBXBuildFile; fileRef = 810CC0E32CF09475003E964C /* CreateListenMusicViewModel.swift */; };
		810CC0E92CF0A00D003E964C /* MyCatsView.swift in Sources */ = {isa = PBXBuildFile; fileRef = 810CC0E82CF0A00D003E964C /* MyCatsView.swift */; };
		810CC0EC2CF0A7A9003E964C /* CoinCell.swift in Sources */ = {isa = PBXBuildFile; fileRef = 810CC0EB2CF0A7A9003E964C /* CoinCell.swift */; };
		810CC0EE2CF0AEE4003E964C /* IconInCircleCell.swift in Sources */ = {isa = PBXBuildFile; fileRef = 810CC0ED2CF0AEE4003E964C /* IconInCircleCell.swift */; };
		810FC0002CF5B7600042872B /* AlertCellButtons.swift in Sources */ = {isa = PBXBuildFile; fileRef = 810FBFFF2CF5B7600042872B /* AlertCellButtons.swift */; };
		81135CB62CBF8DB400043A55 /* QuickBillView.swift in Sources */ = {isa = PBXBuildFile; fileRef = 81135CB52CBF8DB400043A55 /* QuickBillView.swift */; };
		811FE41F2D1D56A900935EF8 /* MyCatsMarketView.swift in Sources */ = {isa = PBXBuildFile; fileRef = 811FE41E2D1D56A900935EF8 /* MyCatsMarketView.swift */; };
		811FE4212D1D60A900935EF8 /* MyCatCell.swift in Sources */ = {isa = PBXBuildFile; fileRef = 811FE4202D1D60A900935EF8 /* MyCatCell.swift */; };
		813DDC5A2CFDDA51002CD239 /* Post.swift in Sources */ = {isa = PBXBuildFile; fileRef = 813DDC592CFDDA51002CD239 /* Post.swift */; };
		81429EC32CB6414C0016782D /* AnimationsDemo.swift in Sources */ = {isa = PBXBuildFile; fileRef = 81429EC22CB6414C0016782D /* AnimationsDemo.swift */; };
		81429EC52CB64C670016782D /* AnimationCurvesDemo.swift in Sources */ = {isa = PBXBuildFile; fileRef = 81429EC42CB64C670016782D /* AnimationCurvesDemo.swift */; };
		81429EC72CB6591F0016782D /* TransitionDemo.swift in Sources */ = {isa = PBXBuildFile; fileRef = 81429EC62CB6591F0016782D /* TransitionDemo.swift */; };
		81429EC92CB663730016782D /* PopUpSheetDemo.swift in Sources */ = {isa = PBXBuildFile; fileRef = 81429EC82CB663730016782D /* PopUpSheetDemo.swift */; };
		81429ECB2CB66E090016782D /* PopOverDemo.swift in Sources */ = {isa = PBXBuildFile; fileRef = 81429ECA2CB66E090016782D /* PopOverDemo.swift */; };
		8146F8532CF43EA80009D8F8 /* DialogueCell.swift in Sources */ = {isa = PBXBuildFile; fileRef = 8146F8522CF43EA80009D8F8 /* DialogueCell.swift */; };
		8146F8552CF467EA0009D8F8 /* MyCatViewModel.swift in Sources */ = {isa = PBXBuildFile; fileRef = 8146F8542CF467EA0009D8F8 /* MyCatViewModel.swift */; };
		8146F8572CF46C660009D8F8 /* CatTextField.swift in Sources */ = {isa = PBXBuildFile; fileRef = 8146F8562CF46C660009D8F8 /* CatTextField.swift */; };
		814B05C42CECAA3F00FD4CE2 /* SelectedArtistView.swift in Sources */ = {isa = PBXBuildFile; fileRef = 814B05C32CECAA3F00FD4CE2 /* SelectedArtistView.swift */; };
		816A1FDC2CBCDF63007ADF28 /* IfLetGuardDemo.swift in Sources */ = {isa = PBXBuildFile; fileRef = 816A1FDB2CBCDF63007ADF28 /* IfLetGuardDemo.swift */; };
		816A1FDE2CBCF0A5007ADF28 /* OnTapGasturesDemo.swift in Sources */ = {isa = PBXBuildFile; fileRef = 816A1FDD2CBCF0A5007ADF28 /* OnTapGasturesDemo.swift */; };
		816A1FE02CBCF6B9007ADF28 /* ModelDemo.swift in Sources */ = {isa = PBXBuildFile; fileRef = 816A1FDF2CBCF6B9007ADF28 /* ModelDemo.swift */; };
		816A1FE22CBD043D007ADF28 /* ViewModelDemo.swift in Sources */ = {isa = PBXBuildFile; fileRef = 816A1FE12CBD043D007ADF28 /* ViewModelDemo.swift */; };
		816A1FE42CBD3322007ADF28 /* EnvironmentObjectDemo.swift in Sources */ = {isa = PBXBuildFile; fileRef = 816A1FE32CBD3322007ADF28 /* EnvironmentObjectDemo.swift */; };
		816EFCFC2CB3EE340075A122 /* InitEnumDemo.swift in Sources */ = {isa = PBXBuildFile; fileRef = 816EFCFB2CB3EE340075A122 /* InitEnumDemo.swift */; };
		816EFCFE2CB407560075A122 /* ForEachLoops.swift in Sources */ = {isa = PBXBuildFile; fileRef = 816EFCFD2CB407560075A122 /* ForEachLoops.swift */; };
		816EFD002CB40AF00075A122 /* ArrayDemo.swift in Sources */ = {isa = PBXBuildFile; fileRef = 816EFCFF2CB40AF00075A122 /* ArrayDemo.swift */; };
		8180EA562CD6396C006A4DF8 /* CustomizedPlaylist.swift in Sources */ = {isa = PBXBuildFile; fileRef = 8180EA552CD6396C006A4DF8 /* CustomizedPlaylist.swift */; };
		8180EA582CD6455C006A4DF8 /* CustomText.swift in Sources */ = {isa = PBXBuildFile; fileRef = 8180EA572CD6455C006A4DF8 /* CustomText.swift */; };
		8180EA5D2CD64BFF006A4DF8 /* EasilyCreatePlaylist.swift in Sources */ = {isa = PBXBuildFile; fileRef = 8180EA5C2CD64BFF006A4DF8 /* EasilyCreatePlaylist.swift */; };
		818833D22CB7AD040022C412 /* AlertDemo.swift in Sources */ = {isa = PBXBuildFile; fileRef = 818833D12CB7AD040022C412 /* AlertDemo.swift */; };
		818833D62CB7D1310022C412 /* ActionSheetDemo.swift in Sources */ = {isa = PBXBuildFile; fileRef = 818833D52CB7D1310022C412 /* ActionSheetDemo.swift */; };
		818833D82CB7E4CE0022C412 /* ContextMenuDemo.swift in Sources */ = {isa = PBXBuildFile; fileRef = 818833D72CB7E4CE0022C412 /* ContextMenuDemo.swift */; };
		818833DA2CB7F05A0022C412 /* TextFieldDemo.swift in Sources */ = {isa = PBXBuildFile; fileRef = 818833D92CB7F05A0022C412 /* TextFieldDemo.swift */; };
		818833DC2CB7FBB70022C412 /* TextEditorDemo.swift in Sources */ = {isa = PBXBuildFile; fileRef = 818833DB2CB7FBB70022C412 /* TextEditorDemo.swift */; };
		818E6B962CB68DF400E0982B /* NavigationViewLinkDemo.swift in Sources */ = {isa = PBXBuildFile; fileRef = 818E6B952CB68DF400E0982B /* NavigationViewLinkDemo.swift */; };
		818E6B982CB69ED200E0982B /* ListsDemo.swift in Sources */ = {isa = PBXBuildFile; fileRef = 818E6B972CB69ED200E0982B /* ListsDemo.swift */; };
		8195B12F2CFF2C150073B343 /* PostModel.swift in Sources */ = {isa = PBXBuildFile; fileRef = 8195B12E2CFF2C150073B343 /* PostModel.swift */; };
		81AADBE42CCFAE0800DEA784 /* ColoredBoxUIHelp.swift in Sources */ = {isa = PBXBuildFile; fileRef = 81AADBE32CCFAE0800DEA784 /* ColoredBoxUIHelp.swift */; };
		81CA16FC2CB4F62000CBFE9F /* ScrollView.swift in Sources */ = {isa = PBXBuildFile; fileRef = 81CA16FB2CB4F62000CBFE9F /* ScrollView.swift */; };
		81CA16FE2CB5044500CBFE9F /* LazyVGridDemo.swift in Sources */ = {isa = PBXBuildFile; fileRef = 81CA16FD2CB5044500CBFE9F /* LazyVGridDemo.swift */; };
		81CA17002CB5153D00CBFE9F /* SafeAreaDemo.swift in Sources */ = {isa = PBXBuildFile; fileRef = 81CA16FF2CB5153D00CBFE9F /* SafeAreaDemo.swift */; };
		81CA17082CB5396D00CBFE9F /* StateDemo.swift in Sources */ = {isa = PBXBuildFile; fileRef = 81CA17072CB5396D00CBFE9F /* StateDemo.swift */; };
		81CA170A2CB5443800CBFE9F /* ExtractedFunctionDemo.swift in Sources */ = {isa = PBXBuildFile; fileRef = 81CA17092CB5443800CBFE9F /* ExtractedFunctionDemo.swift */; };
		81CA170C2CB54D8600CBFE9F /* ExtractSubviewDemo.swift in Sources */ = {isa = PBXBuildFile; fileRef = 81CA170B2CB54D8600CBFE9F /* ExtractSubviewDemo.swift */; };
		81CA170E2CB5555E00CBFE9F /* BindingDemo.swift in Sources */ = {isa = PBXBuildFile; fileRef = 81CA170D2CB5555E00CBFE9F /* BindingDemo.swift */; };
		81CA17102CB55CDC00CBFE9F /* IfElseDemo.swift in Sources */ = {isa = PBXBuildFile; fileRef = 81CA170F2CB55CDC00CBFE9F /* IfElseDemo.swift */; };
		81D5FF372CB3B1F20063A323 /* PaddingDemo.swift in Sources */ = {isa = PBXBuildFile; fileRef = 81D5FF362CB3B1F20063A323 /* PaddingDemo.swift */; };
		81D5FF392CB3B4B70063A323 /* SpacerDemo.swift in Sources */ = {isa = PBXBuildFile; fileRef = 81D5FF382CB3B4B70063A323 /* SpacerDemo.swift */; };
		81E34CDD2CCF62A600B298C9 /* PlaylistAI.swift in Sources */ = {isa = PBXBuildFile; fileRef = 81E34CDC2CCF62A600B298C9 /* PlaylistAI.swift */; };
		81E34CDF2CCF6BE500B298C9 /* ExperienceFutureMusic.swift in Sources */ = {isa = PBXBuildFile; fileRef = 81E34CDE2CCF6BE500B298C9 /* ExperienceFutureMusic.swift */; };
		81E34CE22CCF76BD00B298C9 /* CustomButton.swift in Sources */ = {isa = PBXBuildFile; fileRef = 81E34CE12CCF76BD00B298C9 /* CustomButton.swift */; };
		81E34CE42CCF80B600B298C9 /* PlaylistAiLogoText.swift in Sources */ = {isa = PBXBuildFile; fileRef = 81E34CE32CCF80B600B298C9 /* PlaylistAiLogoText.swift */; };
		81E34CE62CCF816D00B298C9 /* VideoNext.swift in Sources */ = {isa = PBXBuildFile; fileRef = 81E34CE52CCF816D00B298C9 /* VideoNext.swift */; };
		81E34CE92CCF9B2300B298C9 /* WelcomePlaylistAi.swift in Sources */ = {isa = PBXBuildFile; fileRef = 81E34CE82CCF9B2300B298C9 /* WelcomePlaylistAi.swift */; };
		81E6A10C2D27C2C30008FA5E /* ContentView.swift in Sources */ = {isa = PBXBuildFile; fileRef = 81E6A10B2D27C2C30008FA5E /* ContentView.swift */; };
		81E6A10E2D27C6E80008FA5E /* SideMenuView.swift in Sources */ = {isa = PBXBuildFile; fileRef = 81E6A10D2D27C6E80008FA5E /* SideMenuView.swift */; };
		81E6A1192D2801C20008FA5E /* PrayerView.swift in Sources */ = {isa = PBXBuildFile; fileRef = 81E6A1182D2801C20008FA5E /* PrayerView.swift */; };
		81E6A11B2D2805F80008FA5E /* HomeView.swift in Sources */ = {isa = PBXBuildFile; fileRef = 81E6A11A2D2805F80008FA5E /* HomeView.swift */; };
		81E6B8CB2CAFDC3A00AD66ED /* SwiftThinkingBootcampApp.swift in Sources */ = {isa = PBXBuildFile; fileRef = 81E6B8CA2CAFDC3A00AD66ED /* SwiftThinkingBootcampApp.swift */; };
		81E6B8F52CAFF30400AD66ED /* TextBootCamp.swift in Sources */ = {isa = PBXBuildFile; fileRef = 81E6B8F42CAFF30400AD66ED /* TextBootCamp.swift */; };
		81E6B8F72CB0088200AD66ED /* ShapesBootcamp.swift in Sources */ = {isa = PBXBuildFile; fileRef = 81E6B8F62CB0088200AD66ED /* ShapesBootcamp.swift */; };
		81E6B8F92CB0135D00AD66ED /* ColorsBootcamp.swift in Sources */ = {isa = PBXBuildFile; fileRef = 81E6B8F82CB0135D00AD66ED /* ColorsBootcamp.swift */; };
		81F9AF9B2CCB72E200CC0869 /* AppStorage.swift in Sources */ = {isa = PBXBuildFile; fileRef = 81F9AF9A2CCB72E200CC0869 /* AppStorage.swift */; };
		81F9AFA02CCB8B6200CC0869 /* IntroView.swift in Sources */ = {isa = PBXBuildFile; fileRef = 81F9AF9F2CCB8B6200CC0869 /* IntroView.swift */; };
		81F9AFA22CCB982200CC0869 /* OnboardingView.swift in Sources */ = {isa = PBXBuildFile; fileRef = 81F9AFA12CCB982200CC0869 /* OnboardingView.swift */; };
		81FC3F0D2CF9872100D64B99 /* CatsInfo.swift in Sources */ = {isa = PBXBuildFile; fileRef = 81FC3F0C2CF9872100D64B99 /* CatsInfo.swift */; };
		81FC3F0F2CF9B45200D64B99 /* FilterInfo.swift in Sources */ = {isa = PBXBuildFile; fileRef = 81FC3F0E2CF9B45200D64B99 /* FilterInfo.swift */; };
		81FC56472CFAED1F00BC2051 /* WeatherModel.swift in Sources */ = {isa = PBXBuildFile; fileRef = 81FC56462CFAED1F00BC2051 /* WeatherModel.swift */; };
		81FC56492CFAFCF000BC2051 /* APIService.swift in Sources */ = {isa = PBXBuildFile; fileRef = 81FC56482CFAFCF000BC2051 /* APIService.swift */; };
		81FC564B2CFB35F100BC2051 /* WeatherView.swift in Sources */ = {isa = PBXBuildFile; fileRef = 81FC564A2CFB35F100BC2051 /* WeatherView.swift */; };
		81FC639B2CB1134D0044F7F9 /* GradientBootcamp.swift in Sources */ = {isa = PBXBuildFile; fileRef = 81FC639A2CB1134D0044F7F9 /* GradientBootcamp.swift */; };
		81FC639D2CB1254B0044F7F9 /* Icons.swift in Sources */ = {isa = PBXBuildFile; fileRef = 81FC639C2CB1254B0044F7F9 /* Icons.swift */; };
		81FC639F2CB12ECF0044F7F9 /* Images.swift in Sources */ = {isa = PBXBuildFile; fileRef = 81FC639E2CB12ECF0044F7F9 /* Images.swift */; };
		81FC63A12CB141CB0044F7F9 /* FramesDemo.swift in Sources */ = {isa = PBXBuildFile; fileRef = 81FC63A02CB141CB0044F7F9 /* FramesDemo.swift */; };
		81FC63A32CB1485D0044F7F9 /* BackgroundOverlays.swift in Sources */ = {isa = PBXBuildFile; fileRef = 81FC63A22CB1485D0044F7F9 /* BackgroundOverlays.swift */; };
		81FC63A52CB165620044F7F9 /* VstackDemo.swift in Sources */ = {isa = PBXBuildFile; fileRef = 81FC63A42CB165620044F7F9 /* VstackDemo.swift */; };
		81FEFD532CBFBAD0007B9526 /* AllCatogories.swift in Sources */ = {isa = PBXBuildFile; fileRef = 81FEFD522CBFBAD0007B9526 /* AllCatogories.swift */; };
		81FEFD552CBFCE8E007B9526 /* SingleCategory.swift in Sources */ = {isa = PBXBuildFile; fileRef = 81FEFD542CBFCE8E007B9526 /* SingleCategory.swift */; };
		81FF0A892CB8E309005CB761 /* ToggleDemo.swift in Sources */ = {isa = PBXBuildFile; fileRef = 81FF0A882CB8E309005CB761 /* ToggleDemo.swift */; };
		81FF0A8B2CB8E9FB005CB761 /* PickerDemo.swift in Sources */ = {isa = PBXBuildFile; fileRef = 81FF0A8A2CB8E9FB005CB761 /* PickerDemo.swift */; };
		81FF0A8D2CB8F8E3005CB761 /* ColorPickerDemo.swift in Sources */ = {isa = PBXBuildFile; fileRef = 81FF0A8C2CB8F8E3005CB761 /* ColorPickerDemo.swift */; };
		81FF0A8F2CB8FD28005CB761 /* DatePickerDemo.swift in Sources */ = {isa = PBXBuildFile; fileRef = 81FF0A8E2CB8FD28005CB761 /* DatePickerDemo.swift */; };
		81FF0A912CB90918005CB761 /* SteeperDemo.swift in Sources */ = {isa = PBXBuildFile; fileRef = 81FF0A902CB90918005CB761 /* SteeperDemo.swift */; };
		81FF0A932CB90FF1005CB761 /* SlidderDemo.swift in Sources */ = {isa = PBXBuildFile; fileRef = 81FF0A922CB90FF1005CB761 /* SlidderDemo.swift */; };
		81FF0A952CB918B4005CB761 /* TabViewDemo.swift in Sources */ = {isa = PBXBuildFile; fileRef = 81FF0A942CB918B4005CB761 /* TabViewDemo.swift */; };
		81FF0A972CB9324A005CB761 /* PageTabViewDemo.swift in Sources */ = {isa = PBXBuildFile; fileRef = 81FF0A962CB9324A005CB761 /* PageTabViewDemo.swift */; };
		81FF0A9C2CB94F25005CB761 /* OnAppearDemo.swift in Sources */ = {isa = PBXBuildFile; fileRef = 81FF0A9B2CB94F25005CB761 /* OnAppearDemo.swift */; };
		D7A6158B2F65285500E51762 /* WeatherViewModell.swift in Sources */ = {isa = PBXBuildFile; fileRef = D7A6158A2F65285500E51762 /* WeatherViewModell.swift */; };
/* End PBXBuildFile section */

/* Begin PBXContainerItemProxy section */
		81E6B8D82CAFDC3B00AD66ED /* PBXContainerItemProxy */ = {
			isa = PBXContainerItemProxy;
			containerPortal = 81E6B8BF2CAFDC3A00AD66ED /* Project object */;
			proxyType = 1;
			remoteGlobalIDString = 81E6B8C62CAFDC3A00AD66ED;
			remoteInfo = SwiftThinkingBootcamp;
		};
		81E6B8E22CAFDC3B00AD66ED /* PBXContainerItemProxy */ = {
			isa = PBXContainerItemProxy;
			containerPortal = 81E6B8BF2CAFDC3A00AD66ED /* Project object */;
			proxyType = 1;
			remoteGlobalIDString = 81E6B8C62CAFDC3A00AD66ED;
			remoteInfo = SwiftThinkingBootcamp;
		};
/* End PBXContainerItemProxy section */

/* Begin PBXFileReference section */
		01A7F83ED10742183674E812 /* Pods-SwiftThinkingBootcamp-SwiftThinkingBootcampUITests.release.xcconfig */ = {isa = PBXFileReference; includeInIndex = 1; lastKnownFileType = text.xcconfig; name = "Pods-SwiftThinkingBootcamp-SwiftThinkingBootcampUITests.release.xcconfig"; path = "Target Support Files/Pods-SwiftThinkingBootcamp-SwiftThinkingBootcampUITests/Pods-SwiftThinkingBootcamp-SwiftThinkingBootcampUITests.release.xcconfig"; sourceTree = "<group>"; };
		048E12236580B86241A581F9 /* Pods-SwiftThinkingBootcamp.debug.xcconfig */ = {isa = PBXFileReference; includeInIndex = 1; lastKnownFileType = text.xcconfig; name = "Pods-SwiftThinkingBootcamp.debug.xcconfig"; path = "Target Support Files/Pods-SwiftThinkingBootcamp/Pods-SwiftThinkingBootcamp.debug.xcconfig"; sourceTree = "<group>"; };
		65046F901222EFB997C77E0A /* Pods-SwiftThinkingBootcamp-SwiftThinkingBootcampUITests.debug.xcconfig */ = {isa = PBXFileReference; includeInIndex = 1; lastKnownFileType = text.xcconfig; name = "Pods-SwiftThinkingBootcamp-SwiftThinkingBootcampUITests.debug.xcconfig"; path = "Target Support Files/Pods-SwiftThinkingBootcamp-SwiftThinkingBootcampUITests/Pods-SwiftThinkingBootcamp-SwiftThinkingBootcampUITests.debug.xcconfig"; sourceTree = "<group>"; };
		670BD831540FD65780AB7B71 /* Pods-SwiftThinkingBootcampTests.release.xcconfig */ = {isa = PBXFileReference; includeInIndex = 1; lastKnownFileType = text.xcconfig; name = "Pods-SwiftThinkingBootcampTests.release.xcconfig"; path = "Target Support Files/Pods-SwiftThinkingBootcampTests/Pods-SwiftThinkingBootcampTests.release.xcconfig"; sourceTree = "<group>"; };
		8108AC992CEF02D300CAFC25 /* ThreeButtonsView.swift */ = {isa = PBXFileReference; lastKnownFileType = sourcecode.swift; path = ThreeButtonsView.swift; sourceTree = "<group>"; };
		8108AC9B2CEF040D00CAFC25 /* SelectedArtistViewModel.swift */ = {isa = PBXFileReference; lastKnownFileType = sourcecode.swift; path = SelectedArtistViewModel.swift; sourceTree = "<group>"; };
		8108AC9D2CEF0BC800CAFC25 /* NameCell.swift */ = {isa = PBXFileReference; lastKnownFileType = sourcecode.swift; path = NameCell.swift; sourceTree = "<group>"; };
		8108ACA42CEF216D00CAFC25 /* CreateListenMusicView.swift */ = {isa = PBXFileReference; lastKnownFileType = sourcecode.swift; path = CreateListenMusicView.swift; sourceTree = "<group>"; };
		8108ACA72CEF21C800CAFC25 /* IconTitleView.swift */ = {isa = PBXFileReference; lastKnownFileType = sourcecode.swift; path = IconTitleView.swift; sourceTree = "<group>"; };
		8108ACA92CEF2BB900CAFC25 /* TextFieldView.swift */ = {isa = PBXFileReference; lastKnownFileType = sourcecode.swift; path = TextFieldView.swift; sourceTree = "<group>"; };
		8108ACAB2CEF50EC00CAFC25 /* EmojiCell.swift */ = {isa = PBXFileReference; lastKnownFileType = sourcecode.swift; path = EmojiCell.swift; sourceTree = "<group>"; };
		810CC0D82CF053A5003E964C /* FerrryCell.swift */ = {isa = PBXFileReference; lastKnownFileType = sourcecode.swift; path = FerrryCell.swift; sourceTree = "<group>"; };
		810CC0DF2CF05FAC003E964C /* Assets.xcassets */ = {isa = PBXFileReference; lastKnownFileType = folder.assetcatalog; path = Assets.xcassets; sourceTree = "<group>"; };
		810CC0E12CF08880003E964C /* PAIButton.swift */ = {isa = PBXFileReference; lastKnownFileType = sourcecode.swift; path = PAIButton.swift; sourceTree = "<group>"; };
		810CC0E32CF09475003E964C /* CreateListenMusicViewModel.swift */ = {isa = PBXFileReference; lastKnownFileType = sourcecode.swift; path = CreateListenMusicViewModel.swift; sourceTree = "<group>"; };
		810CC0E82CF0A00D003E964C /* MyCatsView.swift */ = {isa = PBXFileReference; lastKnownFileType = sourcecode.swift; path = MyCatsView.swift; sourceTree = "<group>"; };
		810CC0EB2CF0A7A9003E964C /* CoinCell.swift */ = {isa = PBXFileReference; lastKnownFileType = sourcecode.swift; path = CoinCell.swift; sourceTree = "<group>"; };
		810CC0ED2CF0AEE4003E964C /* IconInCircleCell.swift */ = {isa = PBXFileReference; lastKnownFileType = sourcecode.swift; path = IconInCircleCell.swift; sourceTree = "<group>"; };
		810FBFFF2CF5B7600042872B /* AlertCellButtons.swift */ = {isa = PBXFileReference; lastKnownFileType = sourcecode.swift; path = AlertCellButtons.swift; sourceTree = "<group>"; };
		81135CB52CBF8DB400043A55 /* QuickBillView.swift */ = {isa = PBXFileReference; lastKnownFileType = sourcecode.swift; path = QuickBillView.swift; sourceTree = "<group>"; };
		811FE41E2D1D56A900935EF8 /* MyCatsMarketView.swift */ = {isa = PBXFileReference; lastKnownFileType = sourcecode.swift; path = MyCatsMarketView.swift; sourceTree = "<group>"; };
		811FE4202D1D60A900935EF8 /* MyCatCell.swift */ = {isa = PBXFileReference; lastKnownFileType = sourcecode.swift; path = MyCatCell.swift; sourceTree = "<group>"; };
		813DDC592CFDDA51002CD239 /* Post.swift */ = {isa = PBXFileReference; lastKnownFileType = sourcecode.swift; path = Post.swift; sourceTree = "<group>"; };
		81429EC22CB6414C0016782D /* AnimationsDemo.swift */ = {isa = PBXFileReference; lastKnownFileType = sourcecode.swift; path = AnimationsDemo.swift; sourceTree = "<group>"; };
		81429EC42CB64C670016782D /* AnimationCurvesDemo.swift */ = {isa = PBXFileReference; lastKnownFileType = sourcecode.swift; path = AnimationCurvesDemo.swift; sourceTree = "<group>"; };
		81429EC62CB6591F0016782D /* TransitionDemo.swift */ = {isa = PBXFileReference; lastKnownFileType = sourcecode.swift; path = TransitionDemo.swift; sourceTree = "<group>"; };
		81429EC82CB663730016782D /* PopUpSheetDemo.swift */ = {isa = PBXFileReference; lastKnownFileType = sourcecode.swift; path = PopUpSheetDemo.swift; sourceTree = "<group>"; };
		81429ECA2CB66E090016782D /* PopOverDemo.swift */ = {isa = PBXFileReference; lastKnownFileType = sourcecode.swift; path = PopOverDemo.swift; sourceTree = "<group>"; };
		8146F8522CF43EA80009D8F8 /* DialogueCell.swift */ = {isa = PBXFileReference; lastKnownFileType = sourcecode.swift; path = DialogueCell.swift; sourceTree = "<group>"; };
		8146F8542CF467EA0009D8F8 /* MyCatViewModel.swift */ = {isa = PBXFileReference; lastKnownFileType = sourcecode.swift; path = MyCatViewModel.swift; sourceTree = "<group>"; };
		8146F8562CF46C660009D8F8 /* CatTextField.swift */ = {isa = PBXFileReference; lastKnownFileType = sourcecode.swift; path = CatTextField.swift; sourceTree = "<group>"; };
		814B05C32CECAA3F00FD4CE2 /* SelectedArtistView.swift */ = {isa = PBXFileReference; lastKnownFileType = sourcecode.swift; path = SelectedArtistView.swift; sourceTree = "<group>"; };
		816A1FDB2CBCDF63007ADF28 /* IfLetGuardDemo.swift */ = {isa = PBXFileReference; lastKnownFileType = sourcecode.swift; path = IfLetGuardDemo.swift; sourceTree = "<group>"; };
		816A1FDD2CBCF0A5007ADF28 /* OnTapGasturesDemo.swift */ = {isa = PBXFileReference; lastKnownFileType = sourcecode.swift; path = OnTapGasturesDemo.swift; sourceTree = "<group>"; };
		816A1FDF2CBCF6B9007ADF28 /* ModelDemo.swift */ = {isa = PBXFileReference; lastKnownFileType = sourcecode.swift; path = ModelDemo.swift; sourceTree = "<group>"; };
		816A1FE12CBD043D007ADF28 /* ViewModelDemo.swift */ = {isa = PBXFileReference; lastKnownFileType = sourcecode.swift; path = ViewModelDemo.swift; sourceTree = "<group>"; };
		816A1FE32CBD3322007ADF28 /* EnvironmentObjectDemo.swift */ = {isa = PBXFileReference; lastKnownFileType = sourcecode.swift; path = EnvironmentObjectDemo.swift; sourceTree = "<group>"; };
		816EFCFB2CB3EE340075A122 /* InitEnumDemo.swift */ = {isa = PBXFileReference; lastKnownFileType = sourcecode.swift; path = InitEnumDemo.swift; sourceTree = "<group>"; };
		816EFCFD2CB407560075A122 /* ForEachLoops.swift */ = {isa = PBXFileReference; lastKnownFileType = sourcecode.swift; path = ForEachLoops.swift; sourceTree = "<group>"; };
		816EFCFF2CB40AF00075A122 /* ArrayDemo.swift */ = {isa = PBXFileReference; lastKnownFileType = sourcecode.swift; path = ArrayDemo.swift; sourceTree = "<group>"; };
		8180EA552CD6396C006A4DF8 /* CustomizedPlaylist.swift */ = {isa = PBXFileReference; lastKnownFileType = sourcecode.swift; path = CustomizedPlaylist.swift; sourceTree = "<group>"; };
		8180EA572CD6455C006A4DF8 /* CustomText.swift */ = {isa = PBXFileReference; lastKnownFileType = sourcecode.swift; path = CustomText.swift; sourceTree = "<group>"; };
		8180EA5C2CD64BFF006A4DF8 /* EasilyCreatePlaylist.swift */ = {isa = PBXFileReference; lastKnownFileType = sourcecode.swift; path = EasilyCreatePlaylist.swift; sourceTree = "<group>"; };
		818833D12CB7AD040022C412 /* AlertDemo.swift */ = {isa = PBXFileReference; lastKnownFileType = sourcecode.swift; path = AlertDemo.swift; sourceTree = "<group>"; };
		818833D52CB7D1310022C412 /* ActionSheetDemo.swift */ = {isa = PBXFileReference; lastKnownFileType = sourcecode.swift; path = ActionSheetDemo.swift; sourceTree = "<group>"; };
		818833D72CB7E4CE0022C412 /* ContextMenuDemo.swift */ = {isa = PBXFileReference; lastKnownFileType = sourcecode.swift; path = ContextMenuDemo.swift; sourceTree = "<group>"; };
		818833D92CB7F05A0022C412 /* TextFieldDemo.swift */ = {isa = PBXFileReference; lastKnownFileType = sourcecode.swift; path = TextFieldDemo.swift; sourceTree = "<group>"; };
		818833DB2CB7FBB70022C412 /* TextEditorDemo.swift */ = {isa = PBXFileReference; lastKnownFileType = sourcecode.swift; path = TextEditorDemo.swift; sourceTree = "<group>"; };
		818E6B952CB68DF400E0982B /* NavigationViewLinkDemo.swift */ = {isa = PBXFileReference; lastKnownFileType = sourcecode.swift; path = NavigationViewLinkDemo.swift; sourceTree = "<group>"; };
		818E6B972CB69ED200E0982B /* ListsDemo.swift */ = {isa = PBXFileReference; lastKnownFileType = sourcecode.swift; path = ListsDemo.swift; sourceTree = "<group>"; };
		8195B12E2CFF2C150073B343 /* PostModel.swift */ = {isa = PBXFileReference; lastKnownFileType = sourcecode.swift; path = PostModel.swift; sourceTree = "<group>"; };
		81AADBE32CCFAE0800DEA784 /* ColoredBoxUIHelp.swift */ = {isa = PBXFileReference; lastKnownFileType = sourcecode.swift; path = ColoredBoxUIHelp.swift; sourceTree = "<group>"; };
		81CA16FB2CB4F62000CBFE9F /* ScrollView.swift */ = {isa = PBXFileReference; lastKnownFileType = sourcecode.swift; path = ScrollView.swift; sourceTree = "<group>"; };
		81CA16FD2CB5044500CBFE9F /* LazyVGridDemo.swift */ = {isa = PBXFileReference; lastKnownFileType = sourcecode.swift; path = LazyVGridDemo.swift; sourceTree = "<group>"; };
		81CA16FF2CB5153D00CBFE9F /* SafeAreaDemo.swift */ = {isa = PBXFileReference; lastKnownFileType = sourcecode.swift; path = SafeAreaDemo.swift; sourceTree = "<group>"; };
		81CA17032CB5351400CBFE9F /* Info.plist */ = {isa = PBXFileReference; lastKnownFileType = text.plist; path = Info.plist; sourceTree = "<group>"; };
		81CA17072CB5396D00CBFE9F /* StateDemo.swift */ = {isa = PBXFileReference; lastKnownFileType = sourcecode.swift; path = StateDemo.swift; sourceTree = "<group>"; };
		81CA17092CB5443800CBFE9F /* ExtractedFunctionDemo.swift */ = {isa = PBXFileReference; lastKnownFileType = sourcecode.swift; path = ExtractedFunctionDemo.swift; sourceTree = "<group>"; };
		81CA170B2CB54D8600CBFE9F /* ExtractSubviewDemo.swift */ = {isa = PBXFileReference; lastKnownFileType = sourcecode.swift; path = ExtractSubviewDemo.swift; sourceTree = "<group>"; };
		81CA170D2CB5555E00CBFE9F /* BindingDemo.swift */ = {isa = PBXFileReference; lastKnownFileType = sourcecode.swift; path = BindingDemo.swift; sourceTree = "<group>"; };
		81CA170F2CB55CDC00CBFE9F /* IfElseDemo.swift */ = {isa = PBXFileReference; lastKnownFileType = sourcecode.swift; path = IfElseDemo.swift; sourceTree = "<group>"; };
		81D5FF362CB3B1F20063A323 /* PaddingDemo.swift */ = {isa = PBXFileReference; lastKnownFileType = sourcecode.swift; path = PaddingDemo.swift; sourceTree = "<group>"; };
		81D5FF382CB3B4B70063A323 /* SpacerDemo.swift */ = {isa = PBXFileReference; lastKnownFileType = sourcecode.swift; path = SpacerDemo.swift; sourceTree = "<group>"; };
		81E34CDC2CCF62A600B298C9 /* PlaylistAI.swift */ = {isa = PBXFileReference; lastKnownFileType = sourcecode.swift; path = PlaylistAI.swift; sourceTree = "<group>"; };
		81E34CDE2CCF6BE500B298C9 /* ExperienceFutureMusic.swift */ = {isa = PBXFileReference; lastKnownFileType = sourcecode.swift; path = ExperienceFutureMusic.swift; sourceTree = "<group>"; };
		81E34CE12CCF76BD00B298C9 /* CustomButton.swift */ = {isa = PBXFileReference; lastKnownFileType = sourcecode.swift; path = CustomButton.swift; sourceTree = "<group>"; };
		81E34CE32CCF80B600B298C9 /* PlaylistAiLogoText.swift */ = {isa = PBXFileReference; lastKnownFileType = sourcecode.swift; path = PlaylistAiLogoText.swift; sourceTree = "<group>"; };
		81E34CE52CCF816D00B298C9 /* VideoNext.swift */ = {isa = PBXFileReference; lastKnownFileType = sourcecode.swift; path = VideoNext.swift; sourceTree = "<group>"; };
		81E34CE82CCF9B2300B298C9 /* WelcomePlaylistAi.swift */ = {isa = PBXFileReference; lastKnownFileType = sourcecode.swift; path = WelcomePlaylistAi.swift; sourceTree = "<group>"; };
		81E6A10B2D27C2C30008FA5E /* ContentView.swift */ = {isa = PBXFileReference; lastKnownFileType = sourcecode.swift; path = ContentView.swift; sourceTree = "<group>"; };
		81E6A10D2D27C6E80008FA5E /* SideMenuView.swift */ = {isa = PBXFileReference; lastKnownFileType = sourcecode.swift; path = SideMenuView.swift; sourceTree = "<group>"; };
		81E6A1182D2801C20008FA5E /* PrayerView.swift */ = {isa = PBXFileReference; lastKnownFileType = sourcecode.swift; path = PrayerView.swift; sourceTree = "<group>"; };
		81E6A11A2D2805F80008FA5E /* HomeView.swift */ = {isa = PBXFileReference; lastKnownFileType = sourcecode.swift; path = HomeView.swift; sourceTree = "<group>"; };
		81E6B8C72CAFDC3A00AD66ED /* SwiftThinkingBootcamp.app */ = {isa = PBXFileReference; explicitFileType = wrapper.application; includeInIndex = 0; path = SwiftThinkingBootcamp.app; sourceTree = BUILT_PRODUCTS_DIR; };
		81E6B8CA2CAFDC3A00AD66ED /* SwiftThinkingBootcampApp.swift */ = {isa = PBXFileReference; lastKnownFileType = sourcecode.swift; path = SwiftThinkingBootcampApp.swift; sourceTree = "<group>"; };
		81E6B8F42CAFF30400AD66ED /* TextBootCamp.swift */ = {isa = PBXFileReference; lastKnownFileType = sourcecode.swift; path = TextBootCamp.swift; sourceTree = "<group>"; };
		81E6B8F62CB0088200AD66ED /* ShapesBootcamp.swift */ = {isa = PBXFileReference; lastKnownFileType = sourcecode.swift; path = ShapesBootcamp.swift; sourceTree = "<group>"; };
		81E6B8F82CB0135D00AD66ED /* ColorsBootcamp.swift */ = {isa = PBXFileReference; lastKnownFileType = sourcecode.swift; path = ColorsBootcamp.swift; sourceTree = "<group>"; };
		81F9AF9A2CCB72E200CC0869 /* AppStorage.swift */ = {isa = PBXFileReference; lastKnownFileType = sourcecode.swift; path = AppStorage.swift; sourceTree = "<group>"; };
		81F9AF9F2CCB8B6200CC0869 /* IntroView.swift */ = {isa = PBXFileReference; lastKnownFileType = sourcecode.swift; path = IntroView.swift; sourceTree = "<group>"; };
		81F9AFA12CCB982200CC0869 /* OnboardingView.swift */ = {isa = PBXFileReference; lastKnownFileType = sourcecode.swift; path = OnboardingView.swift; sourceTree = "<group>"; };
		81FC3F0C2CF9872100D64B99 /* CatsInfo.swift */ = {isa = PBXFileReference; lastKnownFileType = sourcecode.swift; path = CatsInfo.swift; sourceTree = "<group>"; };
		81FC3F0E2CF9B45200D64B99 /* FilterInfo.swift */ = {isa = PBXFileReference; lastKnownFileType = sourcecode.swift; path = FilterInfo.swift; sourceTree = "<group>"; };
		81FC56462CFAED1F00BC2051 /* WeatherModel.swift */ = {isa = PBXFileReference; lastKnownFileType = sourcecode.swift; path = WeatherModel.swift; sourceTree = "<group>"; };
		81FC56482CFAFCF000BC2051 /* APIService.swift */ = {isa = PBXFileReference; lastKnownFileType = sourcecode.swift; path = APIService.swift; sourceTree = "<group>"; };
		81FC564A2CFB35F100BC2051 /* WeatherView.swift */ = {isa = PBXFileReference; lastKnownFileType = sourcecode.swift; path = WeatherView.swift; sourceTree = "<group>"; };
		81FC639A2CB1134D0044F7F9 /* GradientBootcamp.swift */ = {isa = PBXFileReference; lastKnownFileType = sourcecode.swift; path = GradientBootcamp.swift; sourceTree = "<group>"; };
		81FC639C2CB1254B0044F7F9 /* Icons.swift */ = {isa = PBXFileReference; lastKnownFileType = sourcecode.swift; path = Icons.swift; sourceTree = "<group>"; };
		81FC639E2CB12ECF0044F7F9 /* Images.swift */ = {isa = PBXFileReference; lastKnownFileType = sourcecode.swift; path = Images.swift; sourceTree = "<group>"; };
		81FC63A02CB141CB0044F7F9 /* FramesDemo.swift */ = {isa = PBXFileReference; lastKnownFileType = sourcecode.swift; path = FramesDemo.swift; sourceTree = "<group>"; };
		81FC63A22CB1485D0044F7F9 /* BackgroundOverlays.swift */ = {isa = PBXFileReference; lastKnownFileType = sourcecode.swift; path = BackgroundOverlays.swift; sourceTree = "<group>"; };
		81FC63A42CB165620044F7F9 /* VstackDemo.swift */ = {isa = PBXFileReference; lastKnownFileType = sourcecode.swift; path = VstackDemo.swift; sourceTree = "<group>"; };
		81FEFD522CBFBAD0007B9526 /* AllCatogories.swift */ = {isa = PBXFileReference; lastKnownFileType = sourcecode.swift; path = AllCatogories.swift; sourceTree = "<group>"; };
		81FEFD542CBFCE8E007B9526 /* SingleCategory.swift */ = {isa = PBXFileReference; lastKnownFileType = sourcecode.swift; path = SingleCategory.swift; sourceTree = "<group>"; };
		81FF0A882CB8E309005CB761 /* ToggleDemo.swift */ = {isa = PBXFileReference; lastKnownFileType = sourcecode.swift; path = ToggleDemo.swift; sourceTree = "<group>"; };
		81FF0A8A2CB8E9FB005CB761 /* PickerDemo.swift */ = {isa = PBXFileReference; lastKnownFileType = sourcecode.swift; path = PickerDemo.swift; sourceTree = "<group>"; };
		81FF0A8C2CB8F8E3005CB761 /* ColorPickerDemo.swift */ = {isa = PBXFileReference; lastKnownFileType = sourcecode.swift; path = ColorPickerDemo.swift; sourceTree = "<group>"; };
		81FF0A8E2CB8FD28005CB761 /* DatePickerDemo.swift */ = {isa = PBXFileReference; lastKnownFileType = sourcecode.swift; path = DatePickerDemo.swift; sourceTree = "<group>"; };
		81FF0A902CB90918005CB761 /* SteeperDemo.swift */ = {isa = PBXFileReference; lastKnownFileType = sourcecode.swift; path = SteeperDemo.swift; sourceTree = "<group>"; };
		81FF0A922CB90FF1005CB761 /* SlidderDemo.swift */ = {isa = PBXFileReference; lastKnownFileType = sourcecode.swift; path = SlidderDemo.swift; sourceTree = "<group>"; };
		81FF0A942CB918B4005CB761 /* TabViewDemo.swift */ = {isa = PBXFileReference; lastKnownFileType = sourcecode.swift; path = TabViewDemo.swift; sourceTree = "<group>"; };
		81FF0A962CB9324A005CB761 /* PageTabViewDemo.swift */ = {isa = PBXFileReference; lastKnownFileType = sourcecode.swift; path = PageTabViewDemo.swift; sourceTree = "<group>"; };
		81FF0A9B2CB94F25005CB761 /* OnAppearDemo.swift */ = {isa = PBXFileReference; lastKnownFileType = sourcecode.swift; path = OnAppearDemo.swift; sourceTree = "<group>"; };
		90C60A23645E2C9209CFA4AC /* Pods-SwiftThinkingBootcampTests.debug.xcconfig */ = {isa = PBXFileReference; includeInIndex = 1; lastKnownFileType = text.xcconfig; name = "Pods-SwiftThinkingBootcampTests.debug.xcconfig"; path = "Target Support Files/Pods-SwiftThinkingBootcampTests/Pods-SwiftThinkingBootcampTests.debug.xcconfig"; sourceTree = "<group>"; };
		D7A6158A2F65285500E51762 /* WeatherViewModell.swift */ = {isa = PBXFileReference; lastKnownFileType = sourcecode.swift; path = WeatherViewModell.swift; sourceTree = "<group>"; };
		D7A615922F6542E400E51762 /* SwiftThinkingBootcampTests.xctest */ = {isa = PBXFileReference; explicitFileType = wrapper.cfbundle; includeInIndex = 0; path = SwiftThinkingBootcampTests.xctest; sourceTree = BUILT_PRODUCTS_DIR; };
		D7A615932F6542E400E51762 /* SwiftThinkingBootcampUITests.xctest */ = {isa = PBXFileReference; explicitFileType = wrapper.cfbundle; includeInIndex = 0; path = SwiftThinkingBootcampUITests.xctest; sourceTree = BUILT_PRODUCTS_DIR; };
		EA797175AD9839FB3D27CED4 /* Pods-SwiftThinkingBootcamp.release.xcconfig */ = {isa = PBXFileReference; includeInIndex = 1; lastKnownFileType = text.xcconfig; name = "Pods-SwiftThinkingBootcamp.release.xcconfig"; path = "Target Support Files/Pods-SwiftThinkingBootcamp/Pods-SwiftThinkingBootcamp.release.xcconfig"; sourceTree = "<group>"; };
/* End PBXFileReference section */

/* Begin PBXFrameworksBuildPhase section */
		81E6B8C42CAFDC3A00AD66ED /* Frameworks */ = {
			isa = PBXFrameworksBuildPhase;
			buildActionMask = 2147483647;
			files = (
			);
			runOnlyForDeploymentPostprocessing = 0;
		};
		81E6B8D42CAFDC3B00AD66ED /* Frameworks */ = {
			isa = PBXFrameworksBuildPhase;
			buildActionMask = 2147483647;
			files = (
			);
			runOnlyForDeploymentPostprocessing = 0;
		};
		81E6B8DE2CAFDC3B00AD66ED /* Frameworks */ = {
			isa = PBXFrameworksBuildPhase;
			buildActionMask = 2147483647;
			files = (
			);
			runOnlyForDeploymentPostprocessing = 0;
		};
/* End PBXFrameworksBuildPhase section */

/* Begin PBXGroup section */
		3CA0B02259360FA1C9DE7632 /* Frameworks */ = {
			isa = PBXGroup;
			children = (
			);
			name = Frameworks;
			sourceTree = "<group>";
		};
		8108ACA32CEF214400CAFC25 /* MoodPage */ = {
			isa = PBXGroup;
			children = (
				8108ACA62CEF218F00CAFC25 /* Components */,
				8108ACA42CEF216D00CAFC25 /* CreateListenMusicView.swift */,
				810CC0E32CF09475003E964C /* CreateListenMusicViewModel.swift */,
			);
			path = MoodPage;
			sourceTree = "<group>";
		};
		8108ACA62CEF218F00CAFC25 /* Components */ = {
			isa = PBXGroup;
			children = (
				8108ACA72CEF21C800CAFC25 /* IconTitleView.swift */,
				8108ACAB2CEF50EC00CAFC25 /* EmojiCell.swift */,
				810CC0D82CF053A5003E964C /* FerrryCell.swift */,
				810CC0E12CF08880003E964C /* PAIButton.swift */,
			);
			path = Components;
			sourceTree = "<group>";
		};
		810CC0E72CF09FEA003E964C /* MyIconsApp */ = {
			isa = PBXGroup;
			children = (
				81FC3F102CF9D28A00D64B99 /* Views */,
				810CC0EA2CF0A790003E964C /* Components */,
			);
			path = MyIconsApp;
			sourceTree = "<group>";
		};
		810CC0EA2CF0A790003E964C /* Components */ = {
			isa = PBXGroup;
			children = (
				810CC0EB2CF0A7A9003E964C /* CoinCell.swift */,
				810CC0ED2CF0AEE4003E964C /* IconInCircleCell.swift */,
				8146F8522CF43EA80009D8F8 /* DialogueCell.swift */,
				8146F8562CF46C660009D8F8 /* CatTextField.swift */,
				810FBFFF2CF5B7600042872B /* AlertCellButtons.swift */,
				811FE4202D1D60A900935EF8 /* MyCatCell.swift */,
			);
			path = Components;
			sourceTree = "<group>";
		};
		81135CB42CBF8D8300043A55 /* QuickBillDemo */ = {
			isa = PBXGroup;
			children = (
				81135CB52CBF8DB400043A55 /* QuickBillView.swift */,
				81FEFD522CBFBAD0007B9526 /* AllCatogories.swift */,
				81FEFD542CBFCE8E007B9526 /* SingleCategory.swift */,
			);
			path = QuickBillDemo;
			sourceTree = "<group>";
		};
		814B05C02CECA3D100FD4CE2 /* SuggestedArtist */ = {
			isa = PBXGroup;
			children = (
				814B05C32CECAA3F00FD4CE2 /* SelectedArtistView.swift */,
				8108AC992CEF02D300CAFC25 /* ThreeButtonsView.swift */,
				8108AC9B2CEF040D00CAFC25 /* SelectedArtistViewModel.swift */,
				8108AC9D2CEF0BC800CAFC25 /* NameCell.swift */,
				8108ACA92CEF2BB900CAFC25 /* TextFieldView.swift */,
			);
			path = SuggestedArtist;
			sourceTree = "<group>";
		};
		8180EA5B2CD64B9D006A4DF8 /* Views */ = {
			isa = PBXGroup;
			children = (
				8180EA552CD6396C006A4DF8 /* CustomizedPlaylist.swift */,
				81E34CE82CCF9B2300B298C9 /* WelcomePlaylistAi.swift */,
				8180EA5C2CD64BFF006A4DF8 /* EasilyCreatePlaylist.swift */,
			);
			path = Views;
			sourceTree = "<group>";
		};
		81E34CD62CCF602900B298C9 /* PlaylistApplication */ = {
			isa = PBXGroup;
			children = (
				8108ACA32CEF214400CAFC25 /* MoodPage */,
				814B05C02CECA3D100FD4CE2 /* SuggestedArtist */,
				81E34CE02CCF76A300B298C9 /* Components */,
				81E34CE72CCF9AFA00B298C9 /* Onboardings */,
				81E34CDB2CCF61F800B298C9 /* LandingScreens */,
			);
			path = PlaylistApplication;
			sourceTree = "<group>";
		};
		81E34CDB2CCF61F800B298C9 /* LandingScreens */ = {
			isa = PBXGroup;
			children = (
				81E34CDC2CCF62A600B298C9 /* PlaylistAI.swift */,
				81E34CDE2CCF6BE500B298C9 /* ExperienceFutureMusic.swift */,
				81E34CE52CCF816D00B298C9 /* VideoNext.swift */,
			);
			path = LandingScreens;
			sourceTree = "<group>";
		};
		81E34CE02CCF76A300B298C9 /* Components */ = {
			isa = PBXGroup;
			children = (
				81AADBE32CCFAE0800DEA784 /* ColoredBoxUIHelp.swift */,
				8180EA572CD6455C006A4DF8 /* CustomText.swift */,
				81E34CE12CCF76BD00B298C9 /* CustomButton.swift */,
				81E34CE32CCF80B600B298C9 /* PlaylistAiLogoText.swift */,
			);
			path = Components;
			sourceTree = "<group>";
		};
		81E34CE72CCF9AFA00B298C9 /* Onboardings */ = {
			isa = PBXGroup;
			children = (
				8180EA5B2CD64B9D006A4DF8 /* Views */,
			);
			path = Onboardings;
			sourceTree = "<group>";
		};
		81E6A1062D27BDFB0008FA5E /* TabBarWithSideMenuDemo */ = {
			isa = PBXGroup;
			children = (
				81E6A10B2D27C2C30008FA5E /* ContentView.swift */,
				81E6A10D2D27C6E80008FA5E /* SideMenuView.swift */,
				81E6A11A2D2805F80008FA5E /* HomeView.swift */,
				81E6A1182D2801C20008FA5E /* PrayerView.swift */,
			);
			path = TabBarWithSideMenuDemo;
			sourceTree = "<group>";
		};
		81E6B8BE2CAFDC3A00AD66ED = {
			isa = PBXGroup;
			children = (
				81E6A1062D27BDFB0008FA5E /* TabBarWithSideMenuDemo */,
				81FC56452CFAEB8900BC2051 /* WeatherApp */,
				810CC0E72CF09FEA003E964C /* MyIconsApp */,
				81E34CD62CCF602900B298C9 /* PlaylistApplication */,
				81F9AF9E2CCB8ADC00CC0869 /* OnboardingVideo */,
				81135CB42CBF8D8300043A55 /* QuickBillDemo */,
				81E6B8C92CAFDC3A00AD66ED /* SwiftThinkingBootcamp */,
				81E6B8C82CAFDC3A00AD66ED /* Products */,
				3CA0B02259360FA1C9DE7632 /* Frameworks */,
				EA60CCA440388F455612CFCA /* Pods */,
			);
			sourceTree = "<group>";
		};
		81E6B8C82CAFDC3A00AD66ED /* Products */ = {
			isa = PBXGroup;
			children = (
				81E6B8C72CAFDC3A00AD66ED /* SwiftThinkingBootcamp.app */,
				D7A615922F6542E400E51762 /* SwiftThinkingBootcampTests.xctest */,
				D7A615932F6542E400E51762 /* SwiftThinkingBootcampUITests.xctest */,
			);
			name = Products;
			sourceTree = "<group>";
		};
		81E6B8C92CAFDC3A00AD66ED /* SwiftThinkingBootcamp */ = {
			isa = PBXGroup;
			children = (
				810CC0DF2CF05FAC003E964C /* Assets.xcassets */,
				81CA17032CB5351400CBFE9F /* Info.plist */,
				81E6B8CA2CAFDC3A00AD66ED /* SwiftThinkingBootcampApp.swift */,
				81E6B8F42CAFF30400AD66ED /* TextBootCamp.swift */,
				81E6B8F82CB0135D00AD66ED /* ColorsBootcamp.swift */,
				81E6B8F62CB0088200AD66ED /* ShapesBootcamp.swift */,
				81FC639A2CB1134D0044F7F9 /* GradientBootcamp.swift */,
				81FC639C2CB1254B0044F7F9 /* Icons.swift */,
				81FC639E2CB12ECF0044F7F9 /* Images.swift */,
				81FC63A02CB141CB0044F7F9 /* FramesDemo.swift */,
				81FC63A22CB1485D0044F7F9 /* BackgroundOverlays.swift */,
				81FC63A42CB165620044F7F9 /* VstackDemo.swift */,
				81D5FF362CB3B1F20063A323 /* PaddingDemo.swift */,
				81D5FF382CB3B4B70063A323 /* SpacerDemo.swift */,
				816EFCFB2CB3EE340075A122 /* InitEnumDemo.swift */,
				816EFCFD2CB407560075A122 /* ForEachLoops.swift */,
				816EFCFF2CB40AF00075A122 /* ArrayDemo.swift */,
				81CA16FB2CB4F62000CBFE9F /* ScrollView.swift */,
				81CA16FD2CB5044500CBFE9F /* LazyVGridDemo.swift */,
				81CA16FF2CB5153D00CBFE9F /* SafeAreaDemo.swift */,
				81CA17072CB5396D00CBFE9F /* StateDemo.swift */,
				81CA17092CB5443800CBFE9F /* ExtractedFunctionDemo.swift */,
				81CA170B2CB54D8600CBFE9F /* ExtractSubviewDemo.swift */,
				81CA170D2CB5555E00CBFE9F /* BindingDemo.swift */,
				81CA170F2CB55CDC00CBFE9F /* IfElseDemo.swift */,
				81429EC22CB6414C0016782D /* AnimationsDemo.swift */,
				81429EC42CB64C670016782D /* AnimationCurvesDemo.swift */,
				81429EC62CB6591F0016782D /* TransitionDemo.swift */,
				81429EC82CB663730016782D /* PopUpSheetDemo.swift */,
				81429ECA2CB66E090016782D /* PopOverDemo.swift */,
				818E6B952CB68DF400E0982B /* NavigationViewLinkDemo.swift */,
				818E6B972CB69ED200E0982B /* ListsDemo.swift */,
				818833D12CB7AD040022C412 /* AlertDemo.swift */,
				818833D52CB7D1310022C412 /* ActionSheetDemo.swift */,
				818833D72CB7E4CE0022C412 /* ContextMenuDemo.swift */,
				818833D92CB7F05A0022C412 /* TextFieldDemo.swift */,
				818833DB2CB7FBB70022C412 /* TextEditorDemo.swift */,
				81FF0A882CB8E309005CB761 /* ToggleDemo.swift */,
				81FF0A8A2CB8E9FB005CB761 /* PickerDemo.swift */,
				81FF0A8C2CB8F8E3005CB761 /* ColorPickerDemo.swift */,
				81FF0A902CB90918005CB761 /* SteeperDemo.swift */,
				81FF0A922CB90FF1005CB761 /* SlidderDemo.swift */,
				81FF0A8E2CB8FD28005CB761 /* DatePickerDemo.swift */,
				81FF0A942CB918B4005CB761 /* TabViewDemo.swift */,
				81FF0A962CB9324A005CB761 /* PageTabViewDemo.swift */,
				81FF0A9B2CB94F25005CB761 /* OnAppearDemo.swift */,
				816A1FDB2CBCDF63007ADF28 /* IfLetGuardDemo.swift */,
				816A1FDD2CBCF0A5007ADF28 /* OnTapGasturesDemo.swift */,
				816A1FDF2CBCF6B9007ADF28 /* ModelDemo.swift */,
				816A1FE12CBD043D007ADF28 /* ViewModelDemo.swift */,
				816A1FE32CBD3322007ADF28 /* EnvironmentObjectDemo.swift */,
				81F9AF9A2CCB72E200CC0869 /* AppStorage.swift */,
			);
			path = SwiftThinkingBootcamp;
			sourceTree = "<group>";
		};
		81F9AF9E2CCB8ADC00CC0869 /* OnboardingVideo */ = {
			isa = PBXGroup;
			children = (
				81F9AF9F2CCB8B6200CC0869 /* IntroView.swift */,
				81F9AFA12CCB982200CC0869 /* OnboardingView.swift */,
			);
			path = OnboardingVideo;
			sourceTree = "<group>";
		};
		81FC3F102CF9D28A00D64B99 /* Views */ = {
			isa = PBXGroup;
			children = (
				810CC0E82CF0A00D003E964C /* MyCatsView.swift */,
				8146F8542CF467EA0009D8F8 /* MyCatViewModel.swift */,
				81FC3F0C2CF9872100D64B99 /* CatsInfo.swift */,
				81FC3F0E2CF9B45200D64B99 /* FilterInfo.swift */,
				811FE41E2D1D56A900935EF8 /* MyCatsMarketView.swift */,
			);
			path = Views;
			sourceTree = "<group>";
		};
		81FC56452CFAEB8900BC2051 /* WeatherApp */ = {
			isa = PBXGroup;
			children = (
				D7A6158A2F65285500E51762 /* WeatherViewModell.swift */,
				81FC56462CFAED1F00BC2051 /* WeatherModel.swift */,
				81FC564A2CFB35F100BC2051 /* WeatherView.swift */,
				81FC56482CFAFCF000BC2051 /* APIService.swift */,
				813DDC592CFDDA51002CD239 /* Post.swift */,
				8195B12E2CFF2C150073B343 /* PostModel.swift */,
			);
			path = WeatherApp;
			sourceTree = "<group>";
		};
		EA60CCA440388F455612CFCA /* Pods */ = {
			isa = PBXGroup;
			children = (
				048E12236580B86241A581F9 /* Pods-SwiftThinkingBootcamp.debug.xcconfig */,
				EA797175AD9839FB3D27CED4 /* Pods-SwiftThinkingBootcamp.release.xcconfig */,
				65046F901222EFB997C77E0A /* Pods-SwiftThinkingBootcamp-SwiftThinkingBootcampUITests.debug.xcconfig */,
				01A7F83ED10742183674E812 /* Pods-SwiftThinkingBootcamp-SwiftThinkingBootcampUITests.release.xcconfig */,
				90C60A23645E2C9209CFA4AC /* Pods-SwiftThinkingBootcampTests.debug.xcconfig */,
				670BD831540FD65780AB7B71 /* Pods-SwiftThinkingBootcampTests.release.xcconfig */,
			);
			path = Pods;
			sourceTree = "<group>";
		};
/* End PBXGroup section */

/* Begin PBXNativeTarget section */
		81E6B8C62CAFDC3A00AD66ED /* SwiftThinkingBootcamp */ = {
			isa = PBXNativeTarget;
			buildConfigurationList = 81E6B8EB2CAFDC3B00AD66ED /* Build configuration list for PBXNativeTarget "SwiftThinkingBootcamp" */;
			buildPhases = (
				13CE3DF9A8F09E5F234E1E73 /* [CP] Check Pods Manifest.lock */,
				81E6B8C32CAFDC3A00AD66ED /* Sources */,
				81E6B8C42CAFDC3A00AD66ED /* Frameworks */,
				81E6B8C52CAFDC3A00AD66ED /* Resources */,
			);
			buildRules = (
			);
			dependencies = (
			);
			name = SwiftThinkingBootcamp;
			productName = SwiftThinkingBootcamp;
			productReference = 81E6B8C72CAFDC3A00AD66ED /* SwiftThinkingBootcamp.app */;
			productType = "com.apple.product-type.application";
		};
		81E6B8D62CAFDC3B00AD66ED /* SwiftThinkingBootcampTests */ = {
			isa = PBXNativeTarget;
			buildConfigurationList = 81E6B8EE2CAFDC3B00AD66ED /* Build configuration list for PBXNativeTarget "SwiftThinkingBootcampTests" */;
			buildPhases = (
				D3CAA4A91CDAA1A8EF8BCFBF /* [CP] Check Pods Manifest.lock */,
				81E6B8D32CAFDC3B00AD66ED /* Sources */,
				81E6B8D42CAFDC3B00AD66ED /* Frameworks */,
				81E6B8D52CAFDC3B00AD66ED /* Resources */,
			);
			buildRules = (
			);
			dependencies = (
				81E6B8D92CAFDC3B00AD66ED /* PBXTargetDependency */,
			);
			name = SwiftThinkingBootcampTests;
			productName = SwiftThinkingBootcampTests;
			productReference = D7A615922F6542E400E51762 /* SwiftThinkingBootcampTests.xctest */;
			productType = "com.apple.product-type.bundle.unit-test";
		};
		81E6B8E02CAFDC3B00AD66ED /* SwiftThinkingBootcampUITests */ = {
			isa = PBXNativeTarget;
			buildConfigurationList = 81E6B8F12CAFDC3B00AD66ED /* Build configuration list for PBXNativeTarget "SwiftThinkingBootcampUITests" */;
			buildPhases = (
				232692CBD79098E0D2936546 /* [CP] Check Pods Manifest.lock */,
				81E6B8DD2CAFDC3B00AD66ED /* Sources */,
				81E6B8DE2CAFDC3B00AD66ED /* Frameworks */,
				81E6B8DF2CAFDC3B00AD66ED /* Resources */,
			);
			buildRules = (
			);
			dependencies = (
				81E6B8E32CAFDC3B00AD66ED /* PBXTargetDependency */,
			);
			name = SwiftThinkingBootcampUITests;
			productName = SwiftThinkingBootcampUITests;
			productReference = D7A615932F6542E400E51762 /* SwiftThinkingBootcampUITests.xctest */;
			productType = "com.apple.product-type.bundle.ui-testing";
		};
/* End PBXNativeTarget section */

/* Begin PBXProject section */
		81E6B8BF2CAFDC3A00AD66ED /* Project object */ = {
			isa = PBXProject;
			attributes = {
				BuildIndependentTargetsInParallel = 1;
				LastSwiftUpdateCheck = 1430;
				LastUpgradeCheck = 1430;
				TargetAttributes = {
					81E6B8C62CAFDC3A00AD66ED = {
						CreatedOnToolsVersion = 14.3.1;
					};
					81E6B8D62CAFDC3B00AD66ED = {
						CreatedOnToolsVersion = 14.3.1;
						TestTargetID = 81E6B8C62CAFDC3A00AD66ED;
					};
					81E6B8E02CAFDC3B00AD66ED = {
						CreatedOnToolsVersion = 14.3.1;
						TestTargetID = 81E6B8C62CAFDC3A00AD66ED;
					};
				};
			};
			buildConfigurationList = 81E6B8C22CAFDC3A00AD66ED /* Build configuration list for PBXProject "SwiftThinkingBootcamp" */;
			compatibilityVersion = "Xcode 14.0";
			developmentRegion = en;
			hasScannedForEncodings = 0;
			knownRegions = (
				en,
				Base,
			);
			mainGroup = 81E6B8BE2CAFDC3A00AD66ED;
			packageReferences = (
				810AC2EB2D0844A800A2D0A7 /* XCRemoteSwiftPackageReference "sendbird-swiftui-ios" */,
				810AC2EC2D08508100A2D0A7 /* XCRemoteSwiftPackageReference "sendbird-chat-sdk-ios" */,
			);
			productRefGroup = 81E6B8C82CAFDC3A00AD66ED /* Products */;
			projectDirPath = "";
			projectRoot = "";
			targets = (
				81E6B8C62CAFDC3A00AD66ED /* SwiftThinkingBootcamp */,
				81E6B8D62CAFDC3B00AD66ED /* SwiftThinkingBootcampTests */,
				81E6B8E02CAFDC3B00AD66ED /* SwiftThinkingBootcampUITests */,
			);
		};
/* End PBXProject section */

/* Begin PBXResourcesBuildPhase section */
		81E6B8C52CAFDC3A00AD66ED /* Resources */ = {
			isa = PBXResourcesBuildPhase;
			buildActionMask = 2147483647;
			files = (
				810CC0E02CF05FB0003E964C /* Assets.xcassets in Resources */,
			);
			runOnlyForDeploymentPostprocessing = 0;
		};
		81E6B8D52CAFDC3B00AD66ED /* Resources */ = {
			isa = PBXResourcesBuildPhase;
			buildActionMask = 2147483647;
			files = (
			);
			runOnlyForDeploymentPostprocessing = 0;
		};
		81E6B8DF2CAFDC3B00AD66ED /* Resources */ = {
			isa = PBXResourcesBuildPhase;
			buildActionMask = 2147483647;
			files = (
			);
			runOnlyForDeploymentPostprocessing = 0;
		};
/* End PBXResourcesBuildPhase section */

/* Begin PBXShellScriptBuildPhase section */
		13CE3DF9A8F09E5F234E1E73 /* [CP] Check Pods Manifest.lock */ = {
			isa = PBXShellScriptBuildPhase;
			buildActionMask = 2147483647;
			files = (
			);
			inputFileListPaths = (
			);
			inputPaths = (
				"${PODS_PODFILE_DIR_PATH}/Podfile.lock",
				"${PODS_ROOT}/Manifest.lock",
			);
			name = "[CP] Check Pods Manifest.lock";
			outputFileListPaths = (
			);
			outputPaths = (
				"$(DERIVED_FILE_DIR)/Pods-SwiftThinkingBootcamp-checkManifestLockResult.txt",
			);
			runOnlyForDeploymentPostprocessing = 0;
			shellPath = /bin/sh;
			shellScript = "diff \"${PODS_PODFILE_DIR_PATH}/Podfile.lock\" \"${PODS_ROOT}/Manifest.lock\" > /dev/null\nif [ $? != 0 ] ; then\n    # print error to STDERR\n    echo \"error: The sandbox is not in sync with the Podfile.lock. Run 'pod install' or update your CocoaPods installation.\" >&2\n    exit 1\nfi\n# This output is used by Xcode 'outputs' to avoid re-running this script phase.\necho \"SUCCESS\" > \"${SCRIPT_OUTPUT_FILE_0}\"\n";
			showEnvVarsInLog = 0;
		};
		232692CBD79098E0D2936546 /* [CP] Check Pods Manifest.lock */ = {
			isa = PBXShellScriptBuildPhase;
			buildActionMask = 2147483647;
			files = (
			);
			inputFileListPaths = (
			);
			inputPaths = (
				"${PODS_PODFILE_DIR_PATH}/Podfile.lock",
				"${PODS_ROOT}/Manifest.lock",
			);
			name = "[CP] Check Pods Manifest.lock";
			outputFileListPaths = (
			);
			outputPaths = (
				"$(DERIVED_FILE_DIR)/Pods-SwiftThinkingBootcamp-SwiftThinkingBootcampUITests-checkManifestLockResult.txt",
			);
			runOnlyForDeploymentPostprocessing = 0;
			shellPath = /bin/sh;
			shellScript = "diff \"${PODS_PODFILE_DIR_PATH}/Podfile.lock\" \"${PODS_ROOT}/Manifest.lock\" > /dev/null\nif [ $? != 0 ] ; then\n    # print error to STDERR\n    echo \"error: The sandbox is not in sync with the Podfile.lock. Run 'pod install' or update your CocoaPods installation.\" >&2\n    exit 1\nfi\n# This output is used by Xcode 'outputs' to avoid re-running this script phase.\necho \"SUCCESS\" > \"${SCRIPT_OUTPUT_FILE_0}\"\n";
			showEnvVarsInLog = 0;
		};
		D3CAA4A91CDAA1A8EF8BCFBF /* [CP] Check Pods Manifest.lock */ = {
			isa = PBXShellScriptBuildPhase;
			buildActionMask = 2147483647;
			files = (
			);
			inputFileListPaths = (
			);
			inputPaths = (
				"${PODS_PODFILE_DIR_PATH}/Podfile.lock",
				"${PODS_ROOT}/Manifest.lock",
			);
			name = "[CP] Check Pods Manifest.lock";
			outputFileListPaths = (
			);
			outputPaths = (
				"$(DERIVED_FILE_DIR)/Pods-SwiftThinkingBootcampTests-checkManifestLockResult.txt",
			);
			runOnlyForDeploymentPostprocessing = 0;
			shellPath = /bin/sh;
			shellScript = "diff \"${PODS_PODFILE_DIR_PATH}/Podfile.lock\" \"${PODS_ROOT}/Manifest.lock\" > /dev/null\nif [ $? != 0 ] ; then\n    # print error to STDERR\n    echo \"error: The sandbox is not in sync with the Podfile.lock. Run 'pod install' or update your CocoaPods installation.\" >&2\n    exit 1\nfi\n# This output is used by Xcode 'outputs' to avoid re-running this script phase.\necho \"SUCCESS\" > \"${SCRIPT_OUTPUT_FILE_0}\"\n";
			showEnvVarsInLog = 0;
		};
/* End PBXShellScriptBuildPhase section */

/* Begin PBXSourcesBuildPhase section */
		81E6B8C32CAFDC3A00AD66ED /* Sources */ = {
			isa = PBXSourcesBuildPhase;
			buildActionMask = 2147483647;
			files = (
				81FC56492CFAFCF000BC2051 /* APIService.swift in Sources */,
				816EFCFC2CB3EE340075A122 /* InitEnumDemo.swift in Sources */,
				81D5FF372CB3B1F20063A323 /* PaddingDemo.swift in Sources */,
				810FC0002CF5B7600042872B /* AlertCellButtons.swift in Sources */,
				810CC0EE2CF0AEE4003E964C /* IconInCircleCell.swift in Sources */,
				8195B12F2CFF2C150073B343 /* PostModel.swift in Sources */,
				81FF0A8B2CB8E9FB005CB761 /* PickerDemo.swift in Sources */,
				81CA16FC2CB4F62000CBFE9F /* ScrollView.swift in Sources */,
				818833D22CB7AD040022C412 /* AlertDemo.swift in Sources */,
				8108ACA82CEF21C800CAFC25 /* IconTitleView.swift in Sources */,
				8108AC9A2CEF02D300CAFC25 /* ThreeButtonsView.swift in Sources */,
				D7A6158B2F65285500E51762 /* WeatherViewModell.swift in Sources */,
				81FC3F0D2CF9872100D64B99 /* CatsInfo.swift in Sources */,
				81429EC32CB6414C0016782D /* AnimationsDemo.swift in Sources */,
				81FC63A52CB165620044F7F9 /* VstackDemo.swift in Sources */,
				811FE4212D1D60A900935EF8 /* MyCatCell.swift in Sources */,
				81CA170C2CB54D8600CBFE9F /* ExtractSubviewDemo.swift in Sources */,
				81FC564B2CFB35F100BC2051 /* WeatherView.swift in Sources */,
				81FEFD552CBFCE8E007B9526 /* SingleCategory.swift in Sources */,
				81FEFD532CBFBAD0007B9526 /* AllCatogories.swift in Sources */,
				81FF0A892CB8E309005CB761 /* ToggleDemo.swift in Sources */,
				81E6A10E2D27C6E80008FA5E /* SideMenuView.swift in Sources */,
				81FF0A9C2CB94F25005CB761 /* OnAppearDemo.swift in Sources */,
				81E34CDD2CCF62A600B298C9 /* PlaylistAI.swift in Sources */,
				81FC639D2CB1254B0044F7F9 /* Icons.swift in Sources */,
				810CC0E92CF0A00D003E964C /* MyCatsView.swift in Sources */,
				816A1FE42CBD3322007ADF28 /* EnvironmentObjectDemo.swift in Sources */,
				81E6B8F92CB0135D00AD66ED /* ColorsBootcamp.swift in Sources */,
				81E6A11B2D2805F80008FA5E /* HomeView.swift in Sources */,
				8180EA562CD6396C006A4DF8 /* CustomizedPlaylist.swift in Sources */,
				81D5FF392CB3B4B70063A323 /* SpacerDemo.swift in Sources */,
				81E6B8F72CB0088200AD66ED /* ShapesBootcamp.swift in Sources */,
				81CA17002CB5153D00CBFE9F /* SafeAreaDemo.swift in Sources */,
				8108AC9E2CEF0BC800CAFC25 /* NameCell.swift in Sources */,
				81AADBE42CCFAE0800DEA784 /* ColoredBoxUIHelp.swift in Sources */,
				8146F8572CF46C660009D8F8 /* CatTextField.swift in Sources */,
				81135CB62CBF8DB400043A55 /* QuickBillView.swift in Sources */,
				81FF0A8F2CB8FD28005CB761 /* DatePickerDemo.swift in Sources */,
				8108ACAA2CEF2BB900CAFC25 /* TextFieldView.swift in Sources */,
				81CA16FE2CB5044500CBFE9F /* LazyVGridDemo.swift in Sources */,
				81429EC52CB64C670016782D /* AnimationCurvesDemo.swift in Sources */,
				810CC0E22CF08880003E964C /* PAIButton.swift in Sources */,
				81F9AF9B2CCB72E200CC0869 /* AppStorage.swift in Sources */,
				81E6B8CB2CAFDC3A00AD66ED /* SwiftThinkingBootcampApp.swift in Sources */,
				8180EA582CD6455C006A4DF8 /* CustomText.swift in Sources */,
				81429EC92CB663730016782D /* PopUpSheetDemo.swift in Sources */,
				81E34CE62CCF816D00B298C9 /* VideoNext.swift in Sources */,
				813DDC5A2CFDDA51002CD239 /* Post.swift in Sources */,
				81E34CE42CCF80B600B298C9 /* PlaylistAiLogoText.swift in Sources */,
				814B05C42CECAA3F00FD4CE2 /* SelectedArtistView.swift in Sources */,
				81FC63A12CB141CB0044F7F9 /* FramesDemo.swift in Sources */,
				816A1FDE2CBCF0A5007ADF28 /* OnTapGasturesDemo.swift in Sources */,
				81FC639F2CB12ECF0044F7F9 /* Images.swift in Sources */,
				8108AC9C2CEF040D00CAFC25 /* SelectedArtistViewModel.swift in Sources */,
				81F9AFA22CCB982200CC0869 /* OnboardingView.swift in Sources */,
				8146F8552CF467EA0009D8F8 /* MyCatViewModel.swift in Sources */,
				818833DA2CB7F05A0022C412 /* TextFieldDemo.swift in Sources */,
				81FF0A972CB9324A005CB761 /* PageTabViewDemo.swift in Sources */,
				81FC639B2CB1134D0044F7F9 /* GradientBootcamp.swift in Sources */,
				81FC63A32CB1485D0044F7F9 /* BackgroundOverlays.swift in Sources */,
				81FC56472CFAED1F00BC2051 /* WeatherModel.swift in Sources */,
				818833D62CB7D1310022C412 /* ActionSheetDemo.swift in Sources */,
				81CA170A2CB5443800CBFE9F /* ExtractedFunctionDemo.swift in Sources */,
				816EFCFE2CB407560075A122 /* ForEachLoops.swift in Sources */,
				8146F8532CF43EA80009D8F8 /* DialogueCell.swift in Sources */,
				81CA170E2CB5555E00CBFE9F /* BindingDemo.swift in Sources */,
				81E6A1192D2801C20008FA5E /* PrayerView.swift in Sources */,
				81429EC72CB6591F0016782D /* TransitionDemo.swift in Sources */,
				81E34CE92CCF9B2300B298C9 /* WelcomePlaylistAi.swift in Sources */,
				818E6B962CB68DF400E0982B /* NavigationViewLinkDemo.swift in Sources */,
				81FF0A932CB90FF1005CB761 /* SlidderDemo.swift in Sources */,
				81CA17102CB55CDC00CBFE9F /* IfElseDemo.swift in Sources */,
				8108ACA52CEF216D00CAFC25 /* CreateListenMusicView.swift in Sources */,
				81E34CE22CCF76BD00B298C9 /* CustomButton.swift in Sources */,
				81429ECB2CB66E090016782D /* PopOverDemo.swift in Sources */,
				81E6A10C2D27C2C30008FA5E /* ContentView.swift in Sources */,
				818833DC2CB7FBB70022C412 /* TextEditorDemo.swift in Sources */,
				81FF0A8D2CB8F8E3005CB761 /* ColorPickerDemo.swift in Sources */,
				818833D82CB7E4CE0022C412 /* ContextMenuDemo.swift in Sources */,
				816EFD002CB40AF00075A122 /* ArrayDemo.swift in Sources */,
				81FF0A952CB918B4005CB761 /* TabViewDemo.swift in Sources */,
				810CC0EC2CF0A7A9003E964C /* CoinCell.swift in Sources */,
				81CA17082CB5396D00CBFE9F /* StateDemo.swift in Sources */,
				810CC0D92CF053A5003E964C /* FerrryCell.swift in Sources */,
				81F9AFA02CCB8B6200CC0869 /* IntroView.swift in Sources */,
				816A1FDC2CBCDF63007ADF28 /* IfLetGuardDemo.swift in Sources */,
				816A1FE22CBD043D007ADF28 /* ViewModelDemo.swift in Sources */,
				811FE41F2D1D56A900935EF8 /* MyCatsMarketView.swift in Sources */,
				818E6B982CB69ED200E0982B /* ListsDemo.swift in Sources */,
				8180EA5D2CD64BFF006A4DF8 /* EasilyCreatePlaylist.swift in Sources */,
				810CC0E42CF09475003E964C /* CreateListenMusicViewModel.swift in Sources */,
				816A1FE02CBCF6B9007ADF28 /* ModelDemo.swift in Sources */,
				81FC3F0F2CF9B45200D64B99 /* FilterInfo.swift in Sources */,
				81E6B8F52CAFF30400AD66ED /* TextBootCamp.swift in Sources */,
				8108ACAC2CEF50EC00CAFC25 /* EmojiCell.swift in Sources */,
				81FF0A912CB90918005CB761 /* SteeperDemo.swift in Sources */,
				81E34CDF2CCF6BE500B298C9 /* ExperienceFutureMusic.swift in Sources */,
			);
			runOnlyForDeploymentPostprocessing = 0;
		};
		81E6B8D32CAFDC3B00AD66ED /* Sources */ = {
			isa = PBXSourcesBuildPhase;
			buildActionMask = 2147483647;
			files = (
			);
			runOnlyForDeploymentPostprocessing = 0;
		};
		81E6B8DD2CAFDC3B00AD66ED /* Sources */ = {
			isa = PBXSourcesBuildPhase;
			buildActionMask = 2147483647;
			files = (
			);
			runOnlyForDeploymentPostprocessing = 0;
		};
/* End PBXSourcesBuildPhase section */

/* Begin PBXTargetDependency section */
		81E6B8D92CAFDC3B00AD66ED /* PBXTargetDependency */ = {
			isa = PBXTargetDependency;
			target = 81E6B8C62CAFDC3A00AD66ED /* SwiftThinkingBootcamp */;
			targetProxy = 81E6B8D82CAFDC3B00AD66ED /* PBXContainerItemProxy */;
		};
		81E6B8E32CAFDC3B00AD66ED /* PBXTargetDependency */ = {
			isa = PBXTargetDependency;
			target = 81E6B8C62CAFDC3A00AD66ED /* SwiftThinkingBootcamp */;
			targetProxy = 81E6B8E22CAFDC3B00AD66ED /* PBXContainerItemProxy */;
		};
/* End PBXTargetDependency section */

/* Begin XCBuildConfiguration section */
		81E6B8E92CAFDC3B00AD66ED /* Debug */ = {
			isa = XCBuildConfiguration;
			buildSettings = {
				ALWAYS_SEARCH_USER_PATHS = NO;
				CLANG_ANALYZER_NONNULL = YES;
				CLANG_ANALYZER_NUMBER_OBJECT_CONVERSION = YES_AGGRESSIVE;
				CLANG_CXX_LANGUAGE_STANDARD = "gnu++20";
				CLANG_ENABLE_MODULES = YES;
				CLANG_ENABLE_OBJC_ARC = YES;
				CLANG_ENABLE_OBJC_WEAK = YES;
				CLANG_WARN_BLOCK_CAPTURE_AUTORELEASING = YES;
				CLANG_WARN_BOOL_CONVERSION = YES;
				CLANG_WARN_COMMA = YES;
				CLANG_WARN_CONSTANT_CONVERSION = YES;
				CLANG_WARN_DEPRECATED_OBJC_IMPLEMENTATIONS = YES;
				CLANG_WARN_DIRECT_OBJC_ISA_USAGE = YES_ERROR;
				CLANG_WARN_DOCUMENTATION_COMMENTS = YES;
				CLANG_WARN_EMPTY_BODY = YES;
				CLANG_WARN_ENUM_CONVERSION = YES;
				CLANG_WARN_INFINITE_RECURSION = YES;
				CLANG_WARN_INT_CONVERSION = YES;
				CLANG_WARN_NON_LITERAL_NULL_CONVERSION = YES;
				CLANG_WARN_OBJC_IMPLICIT_RETAIN_SELF = YES;
				CLANG_WARN_OBJC_LITERAL_CONVERSION = YES;
				CLANG_WARN_OBJC_ROOT_CLASS = YES_ERROR;
				CLANG_WARN_QUOTED_INCLUDE_IN_FRAMEWORK_HEADER = YES;
				CLANG_WARN_RANGE_LOOP_ANALYSIS = YES;
				CLANG_WARN_STRICT_PROTOTYPES = YES;
				CLANG_WARN_SUSPICIOUS_MOVE = YES;
				CLANG_WARN_UNGUARDED_AVAILABILITY = YES_AGGRESSIVE;
				CLANG_WARN_UNREACHABLE_CODE = YES;
				CLANG_WARN__DUPLICATE_METHOD_MATCH = YES;
				COPY_PHASE_STRIP = NO;
				DEBUG_INFORMATION_FORMAT = dwarf;
				ENABLE_STRICT_OBJC_MSGSEND = YES;
				ENABLE_TESTABILITY = YES;
				GCC_C_LANGUAGE_STANDARD = gnu11;
				GCC_DYNAMIC_NO_PIC = NO;
				GCC_NO_COMMON_BLOCKS = YES;
				GCC_OPTIMIZATION_LEVEL = 0;
				GCC_PREPROCESSOR_DEFINITIONS = (
					"DEBUG=1",
					"$(inherited)",
				);
				GCC_WARN_64_TO_32_BIT_CONVERSION = YES;
				GCC_WARN_ABOUT_RETURN_TYPE = YES_ERROR;
				GCC_WARN_UNDECLARED_SELECTOR = YES;
				GCC_WARN_UNINITIALIZED_AUTOS = YES_AGGRESSIVE;
				GCC_WARN_UNUSED_FUNCTION = YES;
				GCC_WARN_UNUSED_VARIABLE = YES;
				IPHONEOS_DEPLOYMENT_TARGET = 16.4;
				MTL_ENABLE_DEBUG_INFO = INCLUDE_SOURCE;
				MTL_FAST_MATH = YES;
				ONLY_ACTIVE_ARCH = YES;
				SDKROOT = iphoneos;
				SWIFT_ACTIVE_COMPILATION_CONDITIONS = DEBUG;
				SWIFT_OPTIMIZATION_LEVEL = "-Onone";
			};
			name = Debug;
		};
		81E6B8EA2CAFDC3B00AD66ED /* Release */ = {
			isa = XCBuildConfiguration;
			buildSettings = {
				ALWAYS_SEARCH_USER_PATHS = NO;
				CLANG_ANALYZER_NONNULL = YES;
				CLANG_ANALYZER_NUMBER_OBJECT_CONVERSION = YES_AGGRESSIVE;
				CLANG_CXX_LANGUAGE_STANDARD = "gnu++20";
				CLANG_ENABLE_MODULES = YES;
				CLANG_ENABLE_OBJC_ARC = YES;
				CLANG_ENABLE_OBJC_WEAK = YES;
				CLANG_WARN_BLOCK_CAPTURE_AUTORELEASING = YES;
				CLANG_WARN_BOOL_CONVERSION = YES;
				CLANG_WARN_COMMA = YES;
				CLANG_WARN_CONSTANT_CONVERSION = YES;
				CLANG_WARN_DEPRECATED_OBJC_IMPLEMENTATIONS = YES;
				CLANG_WARN_DIRECT_OBJC_ISA_USAGE = YES_ERROR;
				CLANG_WARN_DOCUMENTATION_COMMENTS = YES;
				CLANG_WARN_EMPTY_BODY = YES;
				CLANG_WARN_ENUM_CONVERSION = YES;
				CLANG_WARN_INFINITE_RECURSION = YES;
				CLANG_WARN_INT_CONVERSION = YES;
				CLANG_WARN_NON_LITERAL_NULL_CONVERSION = YES;
				CLANG_WARN_OBJC_IMPLICIT_RETAIN_SELF = YES;
				CLANG_WARN_OBJC_LITERAL_CONVERSION = YES;
				CLANG_WARN_OBJC_ROOT_CLASS = YES_ERROR;
				CLANG_WARN_QUOTED_INCLUDE_IN_FRAMEWORK_HEADER = YES;
				CLANG_WARN_RANGE_LOOP_ANALYSIS = YES;
				CLANG_WARN_STRICT_PROTOTYPES = YES;
				CLANG_WARN_SUSPICIOUS_MOVE = YES;
				CLANG_WARN_UNGUARDED_AVAILABILITY = YES_AGGRESSIVE;
				CLANG_WARN_UNREACHABLE_CODE = YES;
				CLANG_WARN__DUPLICATE_METHOD_MATCH = YES;
				COPY_PHASE_STRIP = NO;
				DEBUG_INFORMATION_FORMAT = "dwarf-with-dsym";
				ENABLE_NS_ASSERTIONS = NO;
				ENABLE_STRICT_OBJC_MSGSEND = YES;
				GCC_C_LANGUAGE_STANDARD = gnu11;
				GCC_NO_COMMON_BLOCKS = YES;
				GCC_WARN_64_TO_32_BIT_CONVERSION = YES;
				GCC_WARN_ABOUT_RETURN_TYPE = YES_ERROR;
				GCC_WARN_UNDECLARED_SELECTOR = YES;
				GCC_WARN_UNINITIALIZED_AUTOS = YES_AGGRESSIVE;
				GCC_WARN_UNUSED_FUNCTION = YES;
				GCC_WARN_UNUSED_VARIABLE = YES;
				IPHONEOS_DEPLOYMENT_TARGET = 16.4;
				MTL_ENABLE_DEBUG_INFO = NO;
				MTL_FAST_MATH = YES;
				SDKROOT = iphoneos;
				SWIFT_COMPILATION_MODE = wholemodule;
				SWIFT_OPTIMIZATION_LEVEL = "-O";
				VALIDATE_PRODUCT = YES;
			};
			name = Release;
		};
		81E6B8EC2CAFDC3B00AD66ED /* Debug */ = {
			isa = XCBuildConfiguration;
			baseConfigurationReference = 048E12236580B86241A581F9 /* Pods-SwiftThinkingBootcamp.debug.xcconfig */;
			buildSettings = {
				ASSETCATALOG_COMPILER_APPICON_NAME = "";
				ASSETCATALOG_COMPILER_GLOBAL_ACCENT_COLOR_NAME = AccentColor;
				CODE_SIGN_STYLE = Automatic;
				CURRENT_PROJECT_VERSION = 1;
				DEVELOPMENT_ASSET_PATHS = "";
				ENABLE_PREVIEWS = YES;
				GENERATE_INFOPLIST_FILE = YES;
				INFOPLIST_FILE = SwiftThinkingBootcamp/Info.plist;
				INFOPLIST_KEY_UIApplicationSceneManifest_Generation = YES;
				INFOPLIST_KEY_UIApplicationSupportsIndirectInputEvents = YES;
				INFOPLIST_KEY_UILaunchScreen_Generation = YES;
				INFOPLIST_KEY_UISupportedInterfaceOrientations_iPad = "UIInterfaceOrientationPortrait UIInterfaceOrientationPortraitUpsideDown UIInterfaceOrientationLandscapeLeft UIInterfaceOrientationLandscapeRight";
				INFOPLIST_KEY_UISupportedInterfaceOrientations_iPhone = "UIInterfaceOrientationPortrait UIInterfaceOrientationLandscapeLeft UIInterfaceOrientationLandscapeRight";
				LD_RUNPATH_SEARCH_PATHS = (
					"$(inherited)",
					"@executable_path/Frameworks",
				);
				MARKETING_VERSION = 1.0;
				PRODUCT_BUNDLE_IDENTIFIER = "OAE-Solutions.SwiftThinkingBootcamp";
				PRODUCT_NAME = "$(TARGET_NAME)";
				SWIFT_EMIT_LOC_STRINGS = YES;
				SWIFT_OPTIMIZATION_LEVEL = "-Onone";
				SWIFT_VERSION = 5.0;
				TARGETED_DEVICE_FAMILY = "1,2";
			};
			name = Debug;
		};
		81E6B8ED2CAFDC3B00AD66ED /* Release */ = {
			isa = XCBuildConfiguration;
			baseConfigurationReference = EA797175AD9839FB3D27CED4 /* Pods-SwiftThinkingBootcamp.release.xcconfig */;
			buildSettings = {
				ASSETCATALOG_COMPILER_APPICON_NAME = "";
				ASSETCATALOG_COMPILER_GLOBAL_ACCENT_COLOR_NAME = AccentColor;
				CODE_SIGN_STYLE = Automatic;
				CURRENT_PROJECT_VERSION = 1;
				DEVELOPMENT_ASSET_PATHS = "";
				ENABLE_PREVIEWS = YES;
				GENERATE_INFOPLIST_FILE = YES;
				INFOPLIST_FILE = SwiftThinkingBootcamp/Info.plist;
				INFOPLIST_KEY_UIApplicationSceneManifest_Generation = YES;
				INFOPLIST_KEY_UIApplicationSupportsIndirectInputEvents = YES;
				INFOPLIST_KEY_UILaunchScreen_Generation = YES;
				INFOPLIST_KEY_UISupportedInterfaceOrientations_iPad = "UIInterfaceOrientationPortrait UIInterfaceOrientationPortraitUpsideDown UIInterfaceOrientationLandscapeLeft UIInterfaceOrientationLandscapeRight";
				INFOPLIST_KEY_UISupportedInterfaceOrientations_iPhone = "UIInterfaceOrientationPortrait UIInterfaceOrientationLandscapeLeft UIInterfaceOrientationLandscapeRight";
				LD_RUNPATH_SEARCH_PATHS = (
					"$(inherited)",
					"@executable_path/Frameworks",
				);
				MARKETING_VERSION = 1.0;
				PRODUCT_BUNDLE_IDENTIFIER = "OAE-Solutions.SwiftThinkingBootcamp";
				PRODUCT_NAME = "$(TARGET_NAME)";
				SWIFT_EMIT_LOC_STRINGS = YES;
				SWIFT_OPTIMIZATION_LEVEL = "-Onone";
				SWIFT_VERSION = 5.0;
				TARGETED_DEVICE_FAMILY = "1,2";
			};
			name = Release;
		};
		81E6B8EF2CAFDC3B00AD66ED /* Debug */ = {
			isa = XCBuildConfiguration;
			baseConfigurationReference = 90C60A23645E2C9209CFA4AC /* Pods-SwiftThinkingBootcampTests.debug.xcconfig */;
			buildSettings = {
				BUNDLE_LOADER = "$(TEST_HOST)";
				CODE_SIGN_STYLE = Automatic;
				CURRENT_PROJECT_VERSION = 1;
				GENERATE_INFOPLIST_FILE = YES;
				IPHONEOS_DEPLOYMENT_TARGET = 16.4;
				MARKETING_VERSION = 1.0;
				PRODUCT_BUNDLE_IDENTIFIER = "OAE-Solutions.SwiftThinkingBootcampTests";
				PRODUCT_NAME = "$(TARGET_NAME)";
				SWIFT_EMIT_LOC_STRINGS = NO;
				SWIFT_VERSION = 5.0;
				TARGETED_DEVICE_FAMILY = "1,2";
				TEST_HOST = "$(BUILT_PRODUCTS_DIR)/SwiftThinkingBootcamp.app/$(BUNDLE_EXECUTABLE_FOLDER_PATH)/SwiftThinkingBootcamp";
			};
			name = Debug;
		};
		81E6B8F02CAFDC3B00AD66ED /* Release */ = {
			isa = XCBuildConfiguration;
			baseConfigurationReference = 670BD831540FD65780AB7B71 /* Pods-SwiftThinkingBootcampTests.release.xcconfig */;
			buildSettings = {
				BUNDLE_LOADER = "$(TEST_HOST)";
				CODE_SIGN_STYLE = Automatic;
				CURRENT_PROJECT_VERSION = 1;
				GENERATE_INFOPLIST_FILE = YES;
				IPHONEOS_DEPLOYMENT_TARGET = 16.4;
				MARKETING_VERSION = 1.0;
				PRODUCT_BUNDLE_IDENTIFIER = "OAE-Solutions.SwiftThinkingBootcampTests";
				PRODUCT_NAME = "$(TARGET_NAME)";
				SWIFT_EMIT_LOC_STRINGS = NO;
				SWIFT_VERSION = 5.0;
				TARGETED_DEVICE_FAMILY = "1,2";
				TEST_HOST = "$(BUILT_PRODUCTS_DIR)/SwiftThinkingBootcamp.app/$(BUNDLE_EXECUTABLE_FOLDER_PATH)/SwiftThinkingBootcamp";
			};
			name = Release;
		};
		81E6B8F22CAFDC3B00AD66ED /* Debug */ = {
			isa = XCBuildConfiguration;
			baseConfigurationReference = 65046F901222EFB997C77E0A /* Pods-SwiftThinkingBootcamp-SwiftThinkingBootcampUITests.debug.xcconfig */;
			buildSettings = {
				CODE_SIGN_STYLE = Automatic;
				CURRENT_PROJECT_VERSION = 1;
				GENERATE_INFOPLIST_FILE = YES;
				MARKETING_VERSION = 1.0;
				PRODUCT_BUNDLE_IDENTIFIER = "OAE-Solutions.SwiftThinkingBootcampUITests";
				PRODUCT_NAME = "$(TARGET_NAME)";
				SWIFT_EMIT_LOC_STRINGS = NO;
				SWIFT_VERSION = 5.0;
				TARGETED_DEVICE_FAMILY = "1,2";
				TEST_TARGET_NAME = SwiftThinkingBootcamp;
			};
			name = Debug;
		};
		81E6B8F32CAFDC3B00AD66ED /* Release */ = {
			isa = XCBuildConfiguration;
			baseConfigurationReference = 01A7F83ED10742183674E812 /* Pods-SwiftThinkingBootcamp-SwiftThinkingBootcampUITests.release.xcconfig */;
			buildSettings = {
				CODE_SIGN_STYLE = Automatic;
				CURRENT_PROJECT_VERSION = 1;
				GENERATE_INFOPLIST_FILE = YES;
				MARKETING_VERSION = 1.0;
				PRODUCT_BUNDLE_IDENTIFIER = "OAE-Solutions.SwiftThinkingBootcampUITests";
				PRODUCT_NAME = "$(TARGET_NAME)";
				SWIFT_EMIT_LOC_STRINGS = NO;
				SWIFT_VERSION = 5.0;
				TARGETED_DEVICE_FAMILY = "1,2";
				TEST_TARGET_NAME = SwiftThinkingBootcamp;
			};
			name = Release;
		};
/* End XCBuildConfiguration section */

/* Begin XCConfigurationList section */
		81E6B8C22CAFDC3A00AD66ED /* Build configuration list for PBXProject "SwiftThinkingBootcamp" */ = {
			isa = XCConfigurationList;
			buildConfigurations = (
				81E6B8E92CAFDC3B00AD66ED /* Debug */,
				81E6B8EA2CAFDC3B00AD66ED /* Release */,
			);
			defaultConfigurationIsVisible = 0;
			defaultConfigurationName = Release;
		};
		81E6B8EB2CAFDC3B00AD66ED /* Build configuration list for PBXNativeTarget "SwiftThinkingBootcamp" */ = {
			isa = XCConfigurationList;
			buildConfigurations = (
				81E6B8EC2CAFDC3B00AD66ED /* Debug */,
				81E6B8ED2CAFDC3B00AD66ED /* Release */,
			);
			defaultConfigurationIsVisible = 0;
			defaultConfigurationName = Release;
		};
		81E6B8EE2CAFDC3B00AD66ED /* Build configuration list for PBXNativeTarget "SwiftThinkingBootcampTests" */ = {
			isa = XCConfigurationList;
			buildConfigurations = (
				81E6B8EF2CAFDC3B00AD66ED /* Debug */,
				81E6B8F02CAFDC3B00AD66ED /* Release */,
			);
			defaultConfigurationIsVisible = 0;
			defaultConfigurationName = Release;
		};
		81E6B8F12CAFDC3B00AD66ED /* Build configuration list for PBXNativeTarget "SwiftThinkingBootcampUITests" */ = {
			isa = XCConfigurationList;
			buildConfigurations = (
				81E6B8F22CAFDC3B00AD66ED /* Debug */,
				81E6B8F32CAFDC3B00AD66ED /* Release */,
			);
			defaultConfigurationIsVisible = 0;
			defaultConfigurationName = Release;
		};
/* End XCConfigurationList section */

/* Begin XCRemoteSwiftPackageReference section */
		810AC2EB2D0844A800A2D0A7 /* XCRemoteSwiftPackageReference "sendbird-swiftui-ios" */ = {
			isa = XCRemoteSwiftPackageReference;
			repositoryURL = "https://github.com/sendbird/sendbird-swiftui-ios.git";
			requirement = {
				kind = upToNextMajorVersion;
				minimumVersion = 1.0.0;
			};
		};
		810AC2EC2D08508100A2D0A7 /* XCRemoteSwiftPackageReference "sendbird-chat-sdk-ios" */ = {
			isa = XCRemoteSwiftPackageReference;
			repositoryURL = "https://github.com/sendbird/sendbird-chat-sdk-ios.git";
			requirement = {
				kind = upToNextMajorVersion;
				minimumVersion = 4.0.0;
			};
		};
/* End XCRemoteSwiftPackageReference section */
	};
	rootObject = 81E6B8BF2CAFDC3A00AD66ED /* Project object */;
}
